<?xml version="1.0" encoding="utf-8"?>
<Project ToolsVersion="4.0" xmlns="http://schemas.microsoft.com/developer/msbuild/2003">
  <ItemGroup>
    <ClCompile Include="Game.cpp" />
    <ClCompile Include="Log.cpp" />
    <ClCompile Include="Main.cpp" />
    <ClCompile Include="Timer.cpp" />
    <ClCompile Include="Window.cpp" />
    <ClCompile Include="Actor.cpp">
      <Filter>Components</Filter>
    </ClCompile>
    <ClCompile Include="Component.cpp">
      <Filter>Components</Filter>
    </ClCompile>
    <ClCompile Include="SpriteComponent.cpp">
      <Filter>Components</Filter>
    </ClCompile>
    <ClCompile Include="Texture.cpp">
      <Filter>Graphics</Filter>
    </ClCompile>
    <ClCompile Include="Rectangle.cpp">
      <Filter>Maths</Filter>
    </ClCompile>
    <ClCompile Include="AnimSpriteComponent.cpp">
      <Filter>Components</Filter>
    </ClCompile>
    <ClCompile Include="BackgroundSpriteComponent.cpp">
      <Filter>Components</Filter>
    </ClCompile>
    <ClCompile Include="MoveComponent.cpp">
      <Filter>Components</Filter>
    </ClCompile>
    <ClCompile Include="Random.cpp">
      <Filter>Maths</Filter>
    </ClCompile>
    <ClCompile Include="InputComponent.cpp">
      <Filter>Components</Filter>
    </ClCompile>
    <ClCompile Include="CircleCollisionComponent.cpp">
      <Filter>Components</Filter>
    </ClCompile>
    <ClCompile Include="RendererOGL.cpp">
      <Filter>Graphics</Filter>
    </ClCompile>
    <ClCompile Include="VertexArray.cpp">
      <Filter>Graphics</Filter>
    </ClCompile>
    <ClCompile Include="Shader.cpp">
      <Filter>Graphics</Filter>
    </ClCompile>
    <ClCompile Include="Matrix4.cpp">
      <Filter>Maths</Filter>
    </ClCompile>
    <ClCompile Include="Vector2.cpp">
      <Filter>Maths</Filter>
    </ClCompile>
    <ClCompile Include="Vector3.cpp">
      <Filter>Maths</Filter>
    </ClCompile>
    <ClCompile Include="Quaternion.cpp">
      <Filter>Maths</Filter>
    </ClCompile>
    <ClCompile Include="Mesh.cpp">
      <Filter>Graphics</Filter>
    </ClCompile>
    <ClCompile Include="MeshComponent.cpp">
      <Filter>Components</Filter>
    </ClCompile>
    <ClCompile Include="Assets.cpp" />
    <ClCompile Include="AudioComponent.cpp">
      <Filter>Components</Filter>
    </ClCompile>
    <ClCompile Include="AudioSystem.cpp">
      <Filter>Systems</Filter>
    </ClCompile>
    <ClCompile Include="SoundEvent.cpp">
      <Filter>Systems</Filter>
    </ClCompile>
    <ClCompile Include="ControllerState.cpp">
      <Filter>Systems\Input</Filter>
    </ClCompile>
    <ClCompile Include="InputSystem.cpp">
      <Filter>Systems\Input</Filter>
    </ClCompile>
    <ClCompile Include="KeyboardState.cpp">
      <Filter>Systems\Input</Filter>
    </ClCompile>
    <ClCompile Include="MouseState.cpp">
      <Filter>Systems\Input</Filter>
    </ClCompile>
    <ClCompile Include="FPSActor.cpp">
      <Filter>Prefabs\Views</Filter>
    </ClCompile>
    <ClCompile Include="FPSCameraComponent.cpp">
      <Filter>Components</Filter>
    </ClCompile>
    <ClCompile Include="CameraComponent.cpp">
      <Filter>Components</Filter>
    </ClCompile>
    <ClCompile Include="FollowActor.cpp">
      <Filter>Prefabs\Views</Filter>
    </ClCompile>
    <ClCompile Include="FollowCameraComponent.cpp">
      <Filter>Components</Filter>
    </ClCompile>
    <ClCompile Include="OrbitActor.cpp">
      <Filter>Prefabs\Views</Filter>
    </ClCompile>
    <ClCompile Include="OrbitCameraComponent.cpp">
      <Filter>Components</Filter>
    </ClCompile>
    <ClCompile Include="Spline.cpp">
      <Filter>Maths</Filter>
    </ClCompile>
    <ClCompile Include="SplineCameraComponent.cpp">
      <Filter>Components</Filter>
    </ClCompile>
    <ClCompile Include="SplineActor.cpp">
      <Filter>Prefabs\Views</Filter>
    </ClCompile>
    <ClCompile Include="AABB.cpp">
      <Filter>Systems\Physics</Filter>
    </ClCompile>
    <ClCompile Include="LineSegment.cpp">
      <Filter>Systems\Physics</Filter>
    </ClCompile>
    <ClCompile Include="SphereActor.cpp">
      <Filter>Prefabs\Geometry</Filter>
    </ClCompile>
    <ClCompile Include="PlaneActor.cpp">
      <Filter>Prefabs\Geometry</Filter>
    </ClCompile>
    <ClCompile Include="CubeActor.cpp">
      <Filter>Prefabs\Geometry</Filter>
    </ClCompile>
    <ClCompile Include="Sphere.cpp">
      <Filter>Systems\Physics</Filter>
    </ClCompile>
    <ClCompile Include="Plane.cpp">
      <Filter>Systems\Physics</Filter>
    </ClCompile>
    <ClCompile Include="Collisions.cpp">
      <Filter>Systems\Physics</Filter>
    </ClCompile>
    <ClCompile Include="PhysicsSystem.cpp">
      <Filter>Systems\Physics</Filter>
    </ClCompile>
    <ClCompile Include="BoxComponent.cpp">
      <Filter>Components</Filter>
    </ClCompile>
    <ClCompile Include="BallMoveComponent.cpp">
      <Filter>Components</Filter>
    </ClCompile>
    <ClCompile Include="BallActor.cpp">
      <Filter>Prefabs</Filter>
    </ClCompile>
    <ClCompile Include="TargetActor.cpp">
      <Filter>Prefabs</Filter>
    </ClCompile>
  </ItemGroup>
  <ItemGroup>
    <ClInclude Include="Game.h" />
    <ClInclude Include="Log.h" />
    <ClInclude Include="Timer.h" />
    <ClInclude Include="Window.h" />
    <ClInclude Include="Actor.h">
      <Filter>Components</Filter>
    </ClInclude>
    <ClInclude Include="Component.h">
      <Filter>Components</Filter>
    </ClInclude>
    <ClInclude Include="SpriteComponent.h">
      <Filter>Components</Filter>
    </ClInclude>
    <ClInclude Include="Rectangle.h">
      <Filter>Maths</Filter>
    </ClInclude>
    <ClInclude Include="Vector2.h">
      <Filter>Maths</Filter>
    </ClInclude>
    <ClInclude Include="Texture.h">
      <Filter>Graphics</Filter>
    </ClInclude>
    <ClInclude Include="AnimSpriteComponent.h">
      <Filter>Components</Filter>
    </ClInclude>
    <ClInclude Include="BackgroundSpriteComponent.h">
      <Filter>Components</Filter>
    </ClInclude>
    <ClInclude Include="MoveComponent.h">
      <Filter>Components</Filter>
    </ClInclude>
    <ClInclude Include="Random.h">
      <Filter>Maths</Filter>
    </ClInclude>
    <ClInclude Include="InputComponent.h">
      <Filter>Components</Filter>
    </ClInclude>
    <ClInclude Include="CircleCollisionComponent.h">
      <Filter>Components</Filter>
    </ClInclude>
    <ClInclude Include="IRenderer.h">
      <Filter>Graphics</Filter>
    </ClInclude>
    <ClInclude Include="RendererOGL.h">
      <Filter>Graphics</Filter>
    </ClInclude>
    <ClInclude Include="VertexArray.h">
      <Filter>Graphics</Filter>
    </ClInclude>
    <ClInclude Include="Shader.h">
      <Filter>Graphics</Filter>
    </ClInclude>
    <ClInclude Include="Matrix4.h">
      <Filter>Maths</Filter>
    </ClInclude>
    <ClInclude Include="Maths.h">
      <Filter>Maths</Filter>
    </ClInclude>
    <ClInclude Include="Vector3.h">
      <Filter>Maths</Filter>
    </ClInclude>
    <ClInclude Include="Quaternion.h">
      <Filter>Maths</Filter>
    </ClInclude>
    <ClInclude Include="Mesh.h">
      <Filter>Graphics</Filter>
    </ClInclude>
    <ClInclude Include="MeshComponent.h">
      <Filter>Components</Filter>
    </ClInclude>
    <ClInclude Include="Assets.h" />
    <ClInclude Include="DirectionalLight.h">
      <Filter>Graphics</Filter>
    </ClInclude>
    <ClInclude Include="AudioComponent.h">
      <Filter>Components</Filter>
    </ClInclude>
    <ClInclude Include="AudioSystem.h">
      <Filter>Systems</Filter>
    </ClInclude>
    <ClInclude Include="SoundEvent.h">
      <Filter>Systems</Filter>
    </ClInclude>
    <ClInclude Include="ControllerState.h">
      <Filter>Systems\Input</Filter>
    </ClInclude>
    <ClInclude Include="InputSystem.h">
      <Filter>Systems\Input</Filter>
    </ClInclude>
    <ClInclude Include="KeyboardState.h">
      <Filter>Systems\Input</Filter>
    </ClInclude>
    <ClInclude Include="MouseState.h">
      <Filter>Systems\Input</Filter>
    </ClInclude>
    <ClInclude Include="FPSActor.h">
      <Filter>Prefabs\Views</Filter>
    </ClInclude>
    <ClInclude Include="FPSCameraComponent.h">
      <Filter>Components</Filter>
    </ClInclude>
    <ClInclude Include="CameraComponent.h">
      <Filter>Components</Filter>
    </ClInclude>
    <ClInclude Include="FollowActor.h">
      <Filter>Prefabs\Views</Filter>
    </ClInclude>
    <ClInclude Include="FollowCameraComponent.h">
      <Filter>Components</Filter>
    </ClInclude>
    <ClInclude Include="OrbitActor.h">
      <Filter>Prefabs\Views</Filter>
    </ClInclude>
    <ClInclude Include="OrbitCameraComponent.h">
      <Filter>Components</Filter>
    </ClInclude>
    <ClInclude Include="Spline.h">
      <Filter>Maths</Filter>
    </ClInclude>
    <ClInclude Include="SplineCameraComponent.h">
      <Filter>Components</Filter>
    </ClInclude>
    <ClInclude Include="SplineActor.h">
      <Filter>Prefabs\Views</Filter>
    </ClInclude>
    <ClInclude Include="AABB.h">
      <Filter>Systems\Physics</Filter>
    </ClInclude>
    <ClInclude Include="LineSegment.h">
      <Filter>Systems\Physics</Filter>
    </ClInclude>
    <ClInclude Include="SphereActor.h">
      <Filter>Prefabs\Geometry</Filter>
    </ClInclude>
    <ClInclude Include="PlaneActor.h">
      <Filter>Prefabs\Geometry</Filter>
    </ClInclude>
    <ClInclude Include="CubeActor.h">
      <Filter>Prefabs\Geometry</Filter>
    </ClInclude>
    <ClInclude Include="Sphere.h">
      <Filter>Systems\Physics</Filter>
    </ClInclude>
    <ClInclude Include="Plane.h">
      <Filter>Systems\Physics</Filter>
    </ClInclude>
    <ClInclude Include="Collisions.h">
      <Filter>Systems\Physics</Filter>
    </ClInclude>
    <ClInclude Include="PhysicsSystem.h">
      <Filter>Systems\Physics</Filter>
    </ClInclude>
    <ClInclude Include="BoxComponent.h">
      <Filter>Components</Filter>
    </ClInclude>
    <ClInclude Include="BallMoveComponent.h">
      <Filter>Components</Filter>
    </ClInclude>
    <ClInclude Include="BallActor.h">
      <Filter>Prefabs</Filter>
    </ClInclude>
    <ClInclude Include="TargetActor.h">
      <Filter>Prefabs</Filter>
    </ClInclude>
  </ItemGroup>
  <ItemGroup>
    <Filter Include="Components">
      <UniqueIdentifier>{42ff9917-9230-41d3-95d7-8999dd42e3b8}</UniqueIdentifier>
    </Filter>
    <Filter Include="Graphics">
      <UniqueIdentifier>{458a4777-2c4f-480e-b2fe-1790ce0db9bd}</UniqueIdentifier>
    </Filter>
    <Filter Include="Maths">
      <UniqueIdentifier>{dced0cf9-1a51-4f21-8adf-67c071fe2120}</UniqueIdentifier>
    </Filter>
    <Filter Include="GameSpecific">
      <UniqueIdentifier>{16bbc5cb-8686-42a9-a571-465347f550b0}</UniqueIdentifier>
    </Filter>
    <Filter Include="Shaders">
      <UniqueIdentifier>{60694c0a-a600-43cd-8c19-29f5d631c51a}</UniqueIdentifier>
    </Filter>
    <Filter Include="Meshes">
      <UniqueIdentifier>{1cf0e354-b7b9-40a5-b75c-e9d8d96a7e2f}</UniqueIdentifier>
    </Filter>
    <Filter Include="Systems">
      <UniqueIdentifier>{382e1a46-5375-4993-857e-8f9a7acd9471}</UniqueIdentifier>
    </Filter>
    <Filter Include="Systems\Input">
      <UniqueIdentifier>{847bc75e-492c-4bee-aa99-162c471eaef8}</UniqueIdentifier>
    </Filter>
    <Filter Include="Prefabs">
      <UniqueIdentifier>{694fe041-d9c4-4a01-bf98-186bf442e4a8}</UniqueIdentifier>
    </Filter>
    <Filter Include="Prefabs\Geometry">
      <UniqueIdentifier>{42d0927a-d049-49f1-ad20-863674604cfd}</UniqueIdentifier>
    </Filter>
    <Filter Include="Prefabs\Views">
      <UniqueIdentifier>{32873452-e458-4be7-b729-2995af15a261}</UniqueIdentifier>
    </Filter>
    <Filter Include="Systems\Physics">
      <UniqueIdentifier>{374b206e-4f71-45b0-8bfd-551c5d29e94e}</UniqueIdentifier>
    </Filter>
  </ItemGroup>
  <ItemGroup>
    <None Include="Res\Shaders\Sprite.frag">
      <Filter>Shaders</Filter>
    </None>
    <None Include="Res\Shaders\Sprite.vert">
      <Filter>Shaders</Filter>
    </None>
    <None Include="Res\Meshes\Cube.gpmesh">
      <Filter>Meshes</Filter>
    </None>
    <None Include="Res\Meshes\Plane.gpmesh">
      <Filter>Meshes</Filter>
    </None>
    <None Include="Res\Meshes\Sphere.gpmesh">
      <Filter>Meshes</Filter>
    </None>
    <None Include="Res\Shaders\BasicMesh.frag">
      <Filter>Shaders</Filter>
    </None>
    <None Include="Res\Shaders\BasicMesh.vert">
      <Filter>Shaders</Filter>
    </None>
    <None Include="Res\Shaders\Phong.frag">
      <Filter>Shaders</Filter>
    </None>
    <None Include="Res\Shaders\Phong.vert">
      <Filter>Shaders</Filter>
    </None>
    <None Include="Res\Meshes\RacingCar.gpmesh">
      <Filter>Meshes</Filter>
    </None>
    <None Include="Res\Meshes\Rifle.gpmesh">
      <Filter>Meshes</Filter>
    </None>
    <None Include="Res\Meshes\Target.gpmesh">
      <Filter>Meshes</Filter>
    </None>
  </ItemGroup>
</Project>