
Microsoft Visual Studio Solution File, Format Version 12.00
# Visual Studio Version 16
VisualStudioVersion = 16.0.29926.136
MinimumVisualStudioVersion = 10.0.40219.1
Project("{8BC9CEB8-8B4A-11D0-8D11-00A0C91BC942}") = "SimpleEngineWithOpenGL-001", "SimpleEngineWithOpenGL-001\SimpleEngineWithOpenGL-001.vcxproj", "{281DEC13-65F6-457F-BE77-4F2AFC3FA4E2}"
EndProject
Project("{8BC9CEB8-8B4A-11D0-8D11-00A0C91BC942}") = "SimpleEngineWithOpenGL-002", "SimpleEngineWithOpenGL-002\SimpleEngineWithOpenGL-002.vcxproj", "{8A77DA43-CDE5-4EF9-AF9A-C5F7CF76539A}"
EndProject
Project("{8BC9CEB8-8B4A-11D0-8D11-00A0C91BC942}") = "SimpleEngineWithOpenGL-003", "SimpleEngineWithOpenGL-003\SimpleEngineWithOpenGL-003.vcxproj", "{5960470A-FADB-4E56-9A84-285878A5D30E}"
EndProject
Project("{8BC9CEB8-8B4A-11D0-8D11-00A0C91BC942}") = "SimpleEngineWithOpenGL-004", "SimpleEngineWithOpenGL-004\SimpleEngineWithOpenGL-004.vcxproj", "{5D25C4C0-9D93-4905-B8E4-80622E19DBFE}"
EndProject
Project("{8BC9CEB8-8B4A-11D0-8D11-00A0C91BC942}") = "SimpleEngineWithOpenGL-005", "SimpleEngineWithOpenGL-005\SimpleEngineWithOpenGL-005.vcxproj", "{5A548D77-1ED5-4716-ADC2-1BDC4020E7CF}"
EndProject
Project("{8BC9CEB8-8B4A-11D0-8D11-00A0C91BC942}") = "SimpleEngineWithOpenGL-006", "SimpleEngineWithOpenGL-006\SimpleEngineWithOpenGL-006.vcxproj", "{67EB0D0F-4E6E-4639-83B7-2A4D170F59B0}"
EndProject
Project("{8BC9CEB8-8B4A-11D0-8D11-00A0C91BC942}") = "SimpleEngineWithOpenGL-007", "SimpleEngineWithOpenGL-007\SimpleEngineWithOpenGL-007.vcxproj", "{DF2F7876-5719-4AB0-A1B3-FF89DC348F0E}"
EndProject
Project("{8BC9CEB8-8B4A-11D0-8D11-00A0C91BC942}") = "SimpleEngineWithOpenGL-008", "SimpleEngineWithOpenGL-008\SimpleEngineWithOpenGL-008.vcxproj", "{28FF1AF3-F147-4202-A705-A92F14E5876D}"
EndProject
Project("{8BC9CEB8-8B4A-11D0-8D11-00A0C91BC942}") = "SimpleEngineWithOpenGL-009", "SimpleEngineWithOpenGL-009\SimpleEngineWithOpenGL-009.vcxproj", "{ACF3C853-4F78-4777-BD6B-4E1B3DB2BA71}"
EndProject
Project("{8BC9CEB8-8B4A-11D0-8D11-00A0C91BC942}") = "SimpleEngineWithOpenGL-010", "SimpleEngineWithOpenGL-010\SimpleEngineWithOpenGL-010.vcxproj", "{55846D8D-DAFC-43EF-A1CA-A31FB676D365}"
EndProject
Project("{8BC9CEB8-8B4A-11D0-8D11-00A0C91BC942}") = "SimpleEngineWithOpenGL-011", "SimpleEngineWithOpenGL-011\SimpleEngineWithOpenGL-011.vcxproj", "{EEC6D454-BECE-45A7-8C0E-676BD5DDD367}"
EndProject
Project("{8BC9CEB8-8B4A-11D0-8D11-00A0C91BC942}") = "SimpleEngineWithOpenGL-012", "SimpleEngineWithOpenGL-012\SimpleEngineWithOpenGL-012.vcxproj", "{4ACE81C1-CA19-4FA9-912D-7D26C2F35030}"
EndProject
Project("{8BC9CEB8-8B4A-11D0-8D11-00A0C91BC942}") = "SimpleEngineWithOpenGL-013", "SimpleEngineWithOpenGL-013\SimpleEngineWithOpenGL-013.vcxproj", "{0C1CAB28-033F-4C0B-B890-6557DB107553}"
EndProject
Project("{8BC9CEB8-8B4A-11D0-8D11-00A0C91BC942}") = "SimpleEngineWithOpenGL-014", "SimpleEngineWithOpenGL-014\SimpleEngineWithOpenGL-014.vcxproj", "{0B46D5F8-6A9C-4695-BDC8-7F7D08F5D852}"
EndProject
Project("{8BC9CEB8-8B4A-11D0-8D11-00A0C91BC942}") = "SimpleEngineWithOpenGL-015", "SimpleEngineWithOpenGL-015\SimpleEngineWithOpenGL-015.vcxproj", "{585D2C65-E757-4841-A063-D116852D6285}"
EndProject
Project("{8BC9CEB8-8B4A-11D0-8D11-00A0C91BC942}") = "SimpleEngineWithOpenGL-016", "SimpleEngineWithOpenGL-016\SimpleEngineWithOpenGL-016.vcxproj", "{B8C90695-B049-4131-B809-2F29E30C9626}"
EndProject
Project("{8BC9CEB8-8B4A-11D0-8D11-00A0C91BC942}") = "SimpleEngineWithOpenGL-017", "SimpleEngineWithOpenGL-017\SimpleEngineWithOpenGL-017.vcxproj", "{72854C9C-B9F8-4394-835C-9B163D06366A}"
EndProject
Project("{8BC9CEB8-8B4A-11D0-8D11-00A0C91BC942}") = "SimpleEngineWithOpenGL-018", "SimpleEngineWithOpenGL-018\SimpleEngineWithOpenGL-018.vcxproj", "{18F30EE7-A5FF-4C69-8405-7C794EBA5D07}"
EndProject
Project("{8BC9CEB8-8B4A-11D0-8D11-00A0C91BC942}") = "SimpleEngineWithOpenGL-019", "SimpleEngineWithOpenGL-019\SimpleEngineWithOpenGL-019.vcxproj", "{600A6F8E-7481-4028-A5EA-304921A20730}"
EndProject
Project("{8BC9CEB8-8B4A-11D0-8D11-00A0C91BC942}") = "SimpleEngineWithOpenGL-020", "SimpleEngineWithOpenGL-020\SimpleEngineWithOpenGL-020.vcxproj", "{06D2508B-C53D-41C8-8EB4-7B6225154ADB}"
EndProject
Project("{8BC9CEB8-8B4A-11D0-8D11-00A0C91BC942}") = "SimpleEngineWithOpenGL-021", "SimpleEngineWithOpenGL-021\SimpleEngineWithOpenGL-021.vcxproj", "{A49AE7CD-50F1-4304-9181-FBDD169CCBAC}"
EndProject
Project("{8BC9CEB8-8B4A-11D0-8D11-00A0C91BC942}") = "SimpleEngineWithOpenGL-022", "SimpleEngineWithOpenGL-022\SimpleEngineWithOpenGL-022.vcxproj", "{20F85409-CDFB-422B-974F-F68FAB037E33}"
EndProject
Project("{8BC9CEB8-8B4A-11D0-8D11-00A0C91BC942}") = "SimpleEngineWithOpenGL-023", "SimpleEngineWithOpenGL-023\SimpleEngineWithOpenGL-023.vcxproj", "{6A48CD46-0A92-4BAE-A579-E50A3A1AD6B1}"
EndProject
Project("{8BC9CEB8-8B4A-11D0-8D11-00A0C91BC942}") = "SimpleEngineWithOpenGL-024", "SimpleEngineWithOpenGL-024\SimpleEngineWithOpenGL-024.vcxproj", "{0EEE065E-755F-4118-805D-EE0044F21B96}"
EndProject
Project("{8BC9CEB8-8B4A-11D0-8D11-00A0C91BC942}") = "SimpleEngineWithOpenGL-025", "SimpleEngineWithOpenGL-025\SimpleEngineWithOpenGL-025.vcxproj", "{2814B6AF-07CC-42D2-8580-84837F0A39DF}"
EndProject
Project("{8BC9CEB8-8B4A-11D0-8D11-00A0C91BC942}") = "SimpleEngineWithOpenGL-026", "SimpleEngineWithOpenGL-026\SimpleEngineWithOpenGL-026.vcxproj", "{90830F05-C26B-4BEB-9908-5C644BF4FFC2}"
EndProject
Global
	GlobalSection(SolutionConfigurationPlatforms) = preSolution
		Debug|x64 = Debug|x64
		Debug|x86 = Debug|x86
		Release|x64 = Release|x64
		Release|x86 = Release|x86
	EndGlobalSection
	GlobalSection(ProjectConfigurationPlatforms) = postSolution
		{281DEC13-65F6-457F-BE77-4F2AFC3FA4E2}.Debug|x64.ActiveCfg = Debug|x64
		{281DEC13-65F6-457F-BE77-4F2AFC3FA4E2}.Debug|x64.Build.0 = Debug|x64
		{281DEC13-65F6-457F-BE77-4F2AFC3FA4E2}.Debug|x86.ActiveCfg = Debug|Win32
		{281DEC13-65F6-457F-BE77-4F2AFC3FA4E2}.Debug|x86.Build.0 = Debug|Win32
		{281DEC13-65F6-457F-BE77-4F2AFC3FA4E2}.Release|x64.ActiveCfg = Release|x64
		{281DEC13-65F6-457F-BE77-4F2AFC3FA4E2}.Release|x64.Build.0 = Release|x64
		{281DEC13-65F6-457F-BE77-4F2AFC3FA4E2}.Release|x86.ActiveCfg = Release|Win32
		{281DEC13-65F6-457F-BE77-4F2AFC3FA4E2}.Release|x86.Build.0 = Release|Win32
		{8A77DA43-CDE5-4EF9-AF9A-C5F7CF76539A}.Debug|x64.ActiveCfg = Debug|x64
		{8A77DA43-CDE5-4EF9-AF9A-C5F7CF76539A}.Debug|x64.Build.0 = Debug|x64
		{8A77DA43-CDE5-4EF9-AF9A-C5F7CF76539A}.Debug|x86.ActiveCfg = Debug|Win32
		{8A77DA43-CDE5-4EF9-AF9A-C5F7CF76539A}.Debug|x86.Build.0 = Debug|Win32
		{8A77DA43-CDE5-4EF9-AF9A-C5F7CF76539A}.Release|x64.ActiveCfg = Release|x64
		{8A77DA43-CDE5-4EF9-AF9A-C5F7CF76539A}.Release|x64.Build.0 = Release|x64
		{8A77DA43-CDE5-4EF9-AF9A-C5F7CF76539A}.Release|x86.ActiveCfg = Release|Win32
		{8A77DA43-CDE5-4EF9-AF9A-C5F7CF76539A}.Release|x86.Build.0 = Release|Win32
		{5960470A-FADB-4E56-9A84-285878A5D30E}.Debug|x64.ActiveCfg = Debug|x64
		{5960470A-FADB-4E56-9A84-285878A5D30E}.Debug|x64.Build.0 = Debug|x64
		{5960470A-FADB-4E56-9A84-285878A5D30E}.Debug|x86.ActiveCfg = Debug|Win32
		{5960470A-FADB-4E56-9A84-285878A5D30E}.Debug|x86.Build.0 = Debug|Win32
		{5960470A-FADB-4E56-9A84-285878A5D30E}.Release|x64.ActiveCfg = Release|x64
		{5960470A-FADB-4E56-9A84-285878A5D30E}.Release|x64.Build.0 = Release|x64
		{5960470A-FADB-4E56-9A84-285878A5D30E}.Release|x86.ActiveCfg = Release|Win32
		{5960470A-FADB-4E56-9A84-285878A5D30E}.Release|x86.Build.0 = Release|Win32
		{5D25C4C0-9D93-4905-B8E4-80622E19DBFE}.Debug|x64.ActiveCfg = Debug|x64
		{5D25C4C0-9D93-4905-B8E4-80622E19DBFE}.Debug|x64.Build.0 = Debug|x64
		{5D25C4C0-9D93-4905-B8E4-80622E19DBFE}.Debug|x86.ActiveCfg = Debug|Win32
		{5D25C4C0-9D93-4905-B8E4-80622E19DBFE}.Debug|x86.Build.0 = Debug|Win32
		{5D25C4C0-9D93-4905-B8E4-80622E19DBFE}.Release|x64.ActiveCfg = Release|x64
		{5D25C4C0-9D93-4905-B8E4-80622E19DBFE}.Release|x64.Build.0 = Release|x64
		{5D25C4C0-9D93-4905-B8E4-80622E19DBFE}.Release|x86.ActiveCfg = Release|Win32
		{5D25C4C0-9D93-4905-B8E4-80622E19DBFE}.Release|x86.Build.0 = Release|Win32
		{5A548D77-1ED5-4716-ADC2-1BDC4020E7CF}.Debug|x64.ActiveCfg = Debug|x64
		{5A548D77-1ED5-4716-ADC2-1BDC4020E7CF}.Debug|x64.Build.0 = Debug|x64
		{5A548D77-1ED5-4716-ADC2-1BDC4020E7CF}.Debug|x86.ActiveCfg = Debug|Win32
		{5A548D77-1ED5-4716-ADC2-1BDC4020E7CF}.Debug|x86.Build.0 = Debug|Win32
		{5A548D77-1ED5-4716-ADC2-1BDC4020E7CF}.Release|x64.ActiveCfg = Release|x64
		{5A548D77-1ED5-4716-ADC2-1BDC4020E7CF}.Release|x64.Build.0 = Release|x64
		{5A548D77-1ED5-4716-ADC2-1BDC4020E7CF}.Release|x86.ActiveCfg = Release|Win32
		{5A548D77-1ED5-4716-ADC2-1BDC4020E7CF}.Release|x86.Build.0 = Release|Win32
		{67EB0D0F-4E6E-4639-83B7-2A4D170F59B0}.Debug|x64.ActiveCfg = Debug|x64
		{67EB0D0F-4E6E-4639-83B7-2A4D170F59B0}.Debug|x64.Build.0 = Debug|x64
		{67EB0D0F-4E6E-4639-83B7-2A4D170F59B0}.Debug|x86.ActiveCfg = Debug|Win32
		{67EB0D0F-4E6E-4639-83B7-2A4D170F59B0}.Debug|x86.Build.0 = Debug|Win32
		{67EB0D0F-4E6E-4639-83B7-2A4D170F59B0}.Release|x64.ActiveCfg = Release|x64
		{67EB0D0F-4E6E-4639-83B7-2A4D170F59B0}.Release|x64.Build.0 = Release|x64
		{67EB0D0F-4E6E-4639-83B7-2A4D170F59B0}.Release|x86.ActiveCfg = Release|Win32
		{67EB0D0F-4E6E-4639-83B7-2A4D170F59B0}.Release|x86.Build.0 = Release|Win32
		{DF2F7876-5719-4AB0-A1B3-FF89DC348F0E}.Debug|x64.ActiveCfg = Debug|x64
		{DF2F7876-5719-4AB0-A1B3-FF89DC348F0E}.Debug|x64.Build.0 = Debug|x64
		{DF2F7876-5719-4AB0-A1B3-FF89DC348F0E}.Debug|x86.ActiveCfg = Debug|Win32
		{DF2F7876-5719-4AB0-A1B3-FF89DC348F0E}.Debug|x86.Build.0 = Debug|Win32
		{DF2F7876-5719-4AB0-A1B3-FF89DC348F0E}.Release|x64.ActiveCfg = Release|x64
		{DF2F7876-5719-4AB0-A1B3-FF89DC348F0E}.Release|x64.Build.0 = Release|x64
		{DF2F7876-5719-4AB0-A1B3-FF89DC348F0E}.Release|x86.ActiveCfg = Release|Win32
		{DF2F7876-5719-4AB0-A1B3-FF89DC348F0E}.Release|x86.Build.0 = Release|Win32
		{28FF1AF3-F147-4202-A705-A92F14E5876D}.Debug|x64.ActiveCfg = Debug|x64
		{28FF1AF3-F147-4202-A705-A92F14E5876D}.Debug|x64.Build.0 = Debug|x64
		{28FF1AF3-F147-4202-A705-A92F14E5876D}.Debug|x86.ActiveCfg = Debug|Win32
		{28FF1AF3-F147-4202-A705-A92F14E5876D}.Debug|x86.Build.0 = Debug|Win32
		{28FF1AF3-F147-4202-A705-A92F14E5876D}.Release|x64.ActiveCfg = Release|x64
		{28FF1AF3-F147-4202-A705-A92F14E5876D}.Release|x64.Build.0 = Release|x64
		{28FF1AF3-F147-4202-A705-A92F14E5876D}.Release|x86.ActiveCfg = Release|Win32
		{28FF1AF3-F147-4202-A705-A92F14E5876D}.Release|x86.Build.0 = Release|Win32
		{ACF3C853-4F78-4777-BD6B-4E1B3DB2BA71}.Debug|x64.ActiveCfg = Debug|x64
		{ACF3C853-4F78-4777-BD6B-4E1B3DB2BA71}.Debug|x64.Build.0 = Debug|x64
		{ACF3C853-4F78-4777-BD6B-4E1B3DB2BA71}.Debug|x86.ActiveCfg = Debug|Win32
		{ACF3C853-4F78-4777-BD6B-4E1B3DB2BA71}.Debug|x86.Build.0 = Debug|Win32
		{ACF3C853-4F78-4777-BD6B-4E1B3DB2BA71}.Release|x64.ActiveCfg = Release|x64
		{ACF3C853-4F78-4777-BD6B-4E1B3DB2BA71}.Release|x64.Build.0 = Release|x64
		{ACF3C853-4F78-4777-BD6B-4E1B3DB2BA71}.Release|x86.ActiveCfg = Release|Win32
		{ACF3C853-4F78-4777-BD6B-4E1B3DB2BA71}.Release|x86.Build.0 = Release|Win32
		{55846D8D-DAFC-43EF-A1CA-A31FB676D365}.Debug|x64.ActiveCfg = Debug|x64
		{55846D8D-DAFC-43EF-A1CA-A31FB676D365}.Debug|x64.Build.0 = Debug|x64
		{55846D8D-DAFC-43EF-A1CA-A31FB676D365}.Debug|x86.ActiveCfg = Debug|Win32
		{55846D8D-DAFC-43EF-A1CA-A31FB676D365}.Debug|x86.Build.0 = Debug|Win32
		{55846D8D-DAFC-43EF-A1CA-A31FB676D365}.Release|x64.ActiveCfg = Release|x64
		{55846D8D-DAFC-43EF-A1CA-A31FB676D365}.Release|x64.Build.0 = Release|x64
		{55846D8D-DAFC-43EF-A1CA-A31FB676D365}.Release|x86.ActiveCfg = Release|Win32
		{55846D8D-DAFC-43EF-A1CA-A31FB676D365}.Release|x86.Build.0 = Release|Win32
		{EEC6D454-BECE-45A7-8C0E-676BD5DDD367}.Debug|x64.ActiveCfg = Debug|x64
		{EEC6D454-BECE-45A7-8C0E-676BD5DDD367}.Debug|x64.Build.0 = Debug|x64
		{EEC6D454-BECE-45A7-8C0E-676BD5DDD367}.Debug|x86.ActiveCfg = Debug|Win32
		{EEC6D454-BECE-45A7-8C0E-676BD5DDD367}.Debug|x86.Build.0 = Debug|Win32
		{EEC6D454-BECE-45A7-8C0E-676BD5DDD367}.Release|x64.ActiveCfg = Release|x64
		{EEC6D454-BECE-45A7-8C0E-676BD5DDD367}.Release|x64.Build.0 = Release|x64
		{EEC6D454-BECE-45A7-8C0E-676BD5DDD367}.Release|x86.ActiveCfg = Release|Win32
		{EEC6D454-BECE-45A7-8C0E-676BD5DDD367}.Release|x86.Build.0 = Release|Win32
		{4ACE81C1-CA19-4FA9-912D-7D26C2F35030}.Debug|x64.ActiveCfg = Debug|x64
		{4ACE81C1-CA19-4FA9-912D-7D26C2F35030}.Debug|x64.Build.0 = Debug|x64
		{4ACE81C1-CA19-4FA9-912D-7D26C2F35030}.Debug|x86.ActiveCfg = Debug|Win32
		{4ACE81C1-CA19-4FA9-912D-7D26C2F35030}.Debug|x86.Build.0 = Debug|Win32
		{4ACE81C1-CA19-4FA9-912D-7D26C2F35030}.Release|x64.ActiveCfg = Release|x64
		{4ACE81C1-CA19-4FA9-912D-7D26C2F35030}.Release|x64.Build.0 = Release|x64
		{4ACE81C1-CA19-4FA9-912D-7D26C2F35030}.Release|x86.ActiveCfg = Release|Win32
		{4ACE81C1-CA19-4FA9-912D-7D26C2F35030}.Release|x86.Build.0 = Release|Win32
		{0C1CAB28-033F-4C0B-B890-6557DB107553}.Debug|x64.ActiveCfg = Debug|x64
		{0C1CAB28-033F-4C0B-B890-6557DB107553}.Debug|x64.Build.0 = Debug|x64
		{0C1CAB28-033F-4C0B-B890-6557DB107553}.Debug|x86.ActiveCfg = Debug|Win32
		{0C1CAB28-033F-4C0B-B890-6557DB107553}.Debug|x86.Build.0 = Debug|Win32
		{0C1CAB28-033F-4C0B-B890-6557DB107553}.Release|x64.ActiveCfg = Release|x64
		{0C1CAB28-033F-4C0B-B890-6557DB107553}.Release|x64.Build.0 = Release|x64
		{0C1CAB28-033F-4C0B-B890-6557DB107553}.Release|x86.ActiveCfg = Release|Win32
		{0C1CAB28-033F-4C0B-B890-6557DB107553}.Release|x86.Build.0 = Release|Win32
		{0B46D5F8-6A9C-4695-BDC8-7F7D08F5D852}.Debug|x64.ActiveCfg = Debug|x64
		{0B46D5F8-6A9C-4695-BDC8-7F7D08F5D852}.Debug|x64.Build.0 = Debug|x64
		{0B46D5F8-6A9C-4695-BDC8-7F7D08F5D852}.Debug|x86.ActiveCfg = Debug|Win32
		{0B46D5F8-6A9C-4695-BDC8-7F7D08F5D852}.Debug|x86.Build.0 = Debug|Win32
		{0B46D5F8-6A9C-4695-BDC8-7F7D08F5D852}.Release|x64.ActiveCfg = Release|x64
		{0B46D5F8-6A9C-4695-BDC8-7F7D08F5D852}.Release|x64.Build.0 = Release|x64
		{0B46D5F8-6A9C-4695-BDC8-7F7D08F5D852}.Release|x86.ActiveCfg = Release|Win32
		{0B46D5F8-6A9C-4695-BDC8-7F7D08F5D852}.Release|x86.Build.0 = Release|Win32
		{585D2C65-E757-4841-A063-D116852D6285}.Debug|x64.ActiveCfg = Debug|x64
		{585D2C65-E757-4841-A063-D116852D6285}.Debug|x64.Build.0 = Debug|x64
		{585D2C65-E757-4841-A063-D116852D6285}.Debug|x86.ActiveCfg = Debug|Win32
		{585D2C65-E757-4841-A063-D116852D6285}.Debug|x86.Build.0 = Debug|Win32
		{585D2C65-E757-4841-A063-D116852D6285}.Release|x64.ActiveCfg = Release|x64
		{585D2C65-E757-4841-A063-D116852D6285}.Release|x64.Build.0 = Release|x64
		{585D2C65-E757-4841-A063-D116852D6285}.Release|x86.ActiveCfg = Release|Win32
		{585D2C65-E757-4841-A063-D116852D6285}.Release|x86.Build.0 = Release|Win32
		{B8C90695-B049-4131-B809-2F29E30C9626}.Debug|x64.ActiveCfg = Debug|x64
		{B8C90695-B049-4131-B809-2F29E30C9626}.Debug|x64.Build.0 = Debug|x64
		{B8C90695-B049-4131-B809-2F29E30C9626}.Debug|x86.ActiveCfg = Debug|Win32
		{B8C90695-B049-4131-B809-2F29E30C9626}.Debug|x86.Build.0 = Debug|Win32
		{B8C90695-B049-4131-B809-2F29E30C9626}.Release|x64.ActiveCfg = Release|x64
		{B8C90695-B049-4131-B809-2F29E30C9626}.Release|x64.Build.0 = Release|x64
		{B8C90695-B049-4131-B809-2F29E30C9626}.Release|x86.ActiveCfg = Release|Win32
		{B8C90695-B049-4131-B809-2F29E30C9626}.Release|x86.Build.0 = Release|Win32
		{72854C9C-B9F8-4394-835C-9B163D06366A}.Debug|x64.ActiveCfg = Debug|x64
		{72854C9C-B9F8-4394-835C-9B163D06366A}.Debug|x64.Build.0 = Debug|x64
		{72854C9C-B9F8-4394-835C-9B163D06366A}.Debug|x86.ActiveCfg = Debug|Win32
		{72854C9C-B9F8-4394-835C-9B163D06366A}.Debug|x86.Build.0 = Debug|Win32
		{72854C9C-B9F8-4394-835C-9B163D06366A}.Release|x64.ActiveCfg = Release|x64
		{72854C9C-B9F8-4394-835C-9B163D06366A}.Release|x64.Build.0 = Release|x64
		{72854C9C-B9F8-4394-835C-9B163D06366A}.Release|x86.ActiveCfg = Release|Win32
		{72854C9C-B9F8-4394-835C-9B163D06366A}.Release|x86.Build.0 = Release|Win32
		{18F30EE7-A5FF-4C69-8405-7C794EBA5D07}.Debug|x64.ActiveCfg = Debug|x64
		{18F30EE7-A5FF-4C69-8405-7C794EBA5D07}.Debug|x64.Build.0 = Debug|x64
		{18F30EE7-A5FF-4C69-8405-7C794EBA5D07}.Debug|x86.ActiveCfg = Debug|Win32
		{18F30EE7-A5FF-4C69-8405-7C794EBA5D07}.Debug|x86.Build.0 = Debug|Win32
		{18F30EE7-A5FF-4C69-8405-7C794EBA5D07}.Release|x64.ActiveCfg = Release|x64
		{18F30EE7-A5FF-4C69-8405-7C794EBA5D07}.Release|x64.Build.0 = Release|x64
		{18F30EE7-A5FF-4C69-8405-7C794EBA5D07}.Release|x86.ActiveCfg = Release|Win32
		{18F30EE7-A5FF-4C69-8405-7C794EBA5D07}.Release|x86.Build.0 = Release|Win32
		{600A6F8E-7481-4028-A5EA-304921A20730}.Debug|x64.ActiveCfg = Debug|x64
		{600A6F8E-7481-4028-A5EA-304921A20730}.Debug|x64.Build.0 = Debug|x64
		{600A6F8E-7481-4028-A5EA-304921A20730}.Debug|x86.ActiveCfg = Debug|Win32
		{600A6F8E-7481-4028-A5EA-304921A20730}.Debug|x86.Build.0 = Debug|Win32
		{600A6F8E-7481-4028-A5EA-304921A20730}.Release|x64.ActiveCfg = Release|x64
		{600A6F8E-7481-4028-A5EA-304921A20730}.Release|x64.Build.0 = Release|x64
		{600A6F8E-7481-4028-A5EA-304921A20730}.Release|x86.ActiveCfg = Release|Win32
		{600A6F8E-7481-4028-A5EA-304921A20730}.Release|x86.Build.0 = Release|Win32
		{06D2508B-C53D-41C8-8EB4-7B6225154ADB}.Debug|x64.ActiveCfg = Debug|x64
		{06D2508B-C53D-41C8-8EB4-7B6225154ADB}.Debug|x64.Build.0 = Debug|x64
		{06D2508B-C53D-41C8-8EB4-7B6225154ADB}.Debug|x86.ActiveCfg = Debug|Win32
		{06D2508B-C53D-41C8-8EB4-7B6225154ADB}.Debug|x86.Build.0 = Debug|Win32
		{06D2508B-C53D-41C8-8EB4-7B6225154ADB}.Release|x64.ActiveCfg = Release|x64
		{06D2508B-C53D-41C8-8EB4-7B6225154ADB}.Release|x64.Build.0 = Release|x64
		{06D2508B-C53D-41C8-8EB4-7B6225154ADB}.Release|x86.ActiveCfg = Release|Win32
		{06D2508B-C53D-41C8-8EB4-7B6225154ADB}.Release|x86.Build.0 = Release|Win32
		{A49AE7CD-50F1-4304-9181-FBDD169CCBAC}.Debug|x64.ActiveCfg = Debug|x64
		{A49AE7CD-50F1-4304-9181-FBDD169CCBAC}.Debug|x64.Build.0 = Debug|x64
		{A49AE7CD-50F1-4304-9181-FBDD169CCBAC}.Debug|x86.ActiveCfg = Debug|Win32
		{A49AE7CD-50F1-4304-9181-FBDD169CCBAC}.Debug|x86.Build.0 = Debug|Win32
		{A49AE7CD-50F1-4304-9181-FBDD169CCBAC}.Release|x64.ActiveCfg = Release|x64
		{A49AE7CD-50F1-4304-9181-FBDD169CCBAC}.Release|x64.Build.0 = Release|x64
		{A49AE7CD-50F1-4304-9181-FBDD169CCBAC}.Release|x86.ActiveCfg = Release|Win32
		{A49AE7CD-50F1-4304-9181-FBDD169CCBAC}.Release|x86.Build.0 = Release|Win32
		{20F85409-CDFB-422B-974F-F68FAB037E33}.Debug|x64.ActiveCfg = Debug|x64
		{20F85409-CDFB-422B-974F-F68FAB037E33}.Debug|x64.Build.0 = Debug|x64
		{20F85409-CDFB-422B-974F-F68FAB037E33}.Debug|x86.ActiveCfg = Debug|Win32
		{20F85409-CDFB-422B-974F-F68FAB037E33}.Debug|x86.Build.0 = Debug|Win32
		{20F85409-CDFB-422B-974F-F68FAB037E33}.Release|x64.ActiveCfg = Release|x64
		{20F85409-CDFB-422B-974F-F68FAB037E33}.Release|x64.Build.0 = Release|x64
		{20F85409-CDFB-422B-974F-F68FAB037E33}.Release|x86.ActiveCfg = Release|Win32
		{20F85409-CDFB-422B-974F-F68FAB037E33}.Release|x86.Build.0 = Release|Win32
		{6A48CD46-0A92-4BAE-A579-E50A3A1AD6B1}.Debug|x64.ActiveCfg = Debug|x64
		{6A48CD46-0A92-4BAE-A579-E50A3A1AD6B1}.Debug|x64.Build.0 = Debug|x64
		{6A48CD46-0A92-4BAE-A579-E50A3A1AD6B1}.Debug|x86.ActiveCfg = Debug|Win32
		{6A48CD46-0A92-4BAE-A579-E50A3A1AD6B1}.Debug|x86.Build.0 = Debug|Win32
		{6A48CD46-0A92-4BAE-A579-E50A3A1AD6B1}.Release|x64.ActiveCfg = Release|x64
		{6A48CD46-0A92-4BAE-A579-E50A3A1AD6B1}.Release|x64.Build.0 = Release|x64
		{6A48CD46-0A92-4BAE-A579-E50A3A1AD6B1}.Release|x86.ActiveCfg = Release|Win32
		{6A48CD46-0A92-4BAE-A579-E50A3A1AD6B1}.Release|x86.Build.0 = Release|Win32
		{0EEE065E-755F-4118-805D-EE0044F21B96}.Debug|x64.ActiveCfg = Debug|x64
		{0EEE065E-755F-4118-805D-EE0044F21B96}.Debug|x64.Build.0 = Debug|x64
		{0EEE065E-755F-4118-805D-EE0044F21B96}.Debug|x86.ActiveCfg = Debug|Win32
		{0EEE065E-755F-4118-805D-EE0044F21B96}.Debug|x86.Build.0 = Debug|Win32
		{0EEE065E-755F-4118-805D-EE0044F21B96}.Release|x64.ActiveCfg = Release|x64
		{0EEE065E-755F-4118-805D-EE0044F21B96}.Release|x64.Build.0 = Release|x64
		{0EEE065E-755F-4118-805D-EE0044F21B96}.Release|x86.ActiveCfg = Release|Win32
		{0EEE065E-755F-4118-805D-EE0044F21B96}.Release|x86.Build.0 = Release|Win32
		{2814B6AF-07CC-42D2-8580-84837F0A39DF}.Debug|x64.ActiveCfg = Debug|x64
		{2814B6AF-07CC-42D2-8580-84837F0A39DF}.Debug|x64.Build.0 = Debug|x64
		{2814B6AF-07CC-42D2-8580-84837F0A39DF}.Debug|x86.ActiveCfg = Debug|Win32
		{2814B6AF-07CC-42D2-8580-84837F0A39DF}.Debug|x86.Build.0 = Debug|Win32
		{2814B6AF-07CC-42D2-8580-84837F0A39DF}.Release|x64.ActiveCfg = Release|x64
		{2814B6AF-07CC-42D2-8580-84837F0A39DF}.Release|x64.Build.0 = Release|x64
		{2814B6AF-07CC-42D2-8580-84837F0A39DF}.Release|x86.ActiveCfg = Release|Win32
		{2814B6AF-07CC-42D2-8580-84837F0A39DF}.Release|x86.Build.0 = Release|Win32
		{90830F05-C26B-4BEB-9908-5C644BF4FFC2}.Debug|x64.ActiveCfg = Debug|x64
		{90830F05-C26B-4BEB-9908-5C644BF4FFC2}.Debug|x64.Build.0 = Debug|x64
		{90830F05-C26B-4BEB-9908-5C644BF4FFC2}.Debug|x86.ActiveCfg = Debug|Win32
		{90830F05-C26B-4BEB-9908-5C644BF4FFC2}.Debug|x86.Build.0 = Debug|Win32
		{90830F05-C26B-4BEB-9908-5C644BF4FFC2}.Release|x64.ActiveCfg = Release|x64
		{90830F05-C26B-4BEB-9908-5C644BF4FFC2}.Release|x64.Build.0 = Release|x64
		{90830F05-C26B-4BEB-9908-5C644BF4FFC2}.Release|x86.ActiveCfg = Release|Win32
		{90830F05-C26B-4BEB-9908-5C644BF4FFC2}.Release|x86.Build.0 = Release|Win32
	EndGlobalSection
	GlobalSection(SolutionProperties) = preSolution
		HideSolutionNode = FALSE
	EndGlobalSection
	GlobalSection(ExtensibilityGlobals) = postSolution
		SolutionGuid = {FF7C5734-885F-48F4-9BCA-BF9082FC557F}
	EndGlobalSection
EndGlobal
