
Microsoft Visual Studio Solution File, Format Version 12.00
# Visual Studio Version 17
VisualStudioVersion = 17.3.32929.385
MinimumVisualStudioVersion = 10.0.40219.1
Project("{8BC9CEB8-8B4A-11D0-8D11-00A0C91BC942}") = "SimpleEngineWithOpenGL-001", "SimpleEngineWithOpenGL-001\SimpleEngineWithOpenGL-001.vcxproj", "{281DEC13-65F6-457F-BE77-4F2AFC3FA4E2}"
EndProject
Project("{8BC9CEB8-8B4A-11D0-8D11-00A0C91BC942}") = "SimpleEngineWithOpenGL-002", "SimpleEngineWithOpenGL-002\SimpleEngineWithOpenGL-002.vcxproj", "{8A77DA43-CDE5-4EF9-AF9A-C5F7CF76539A}"
EndProject
Project("{8BC9CEB8-8B4A-11D0-8D11-00A0C91BC942}") = "SimpleEngineWithOpenGL-003", "SimpleEngineWithOpenGL-003\SimpleEngineWithOpenGL-003.vcxproj", "{5960470A-FADB-4E56-9A84-285878A5D30E}"
EndProject
Project("{8BC9CEB8-8B4A-11D0-8D11-00A0C91BC942}") = "SimpleEngineWithOpenGL-004", "SimpleEngineWithOpenGL-004\SimpleEngineWithOpenGL-004.vcxproj", "{5D25C4C0-9D93-4905-B8E4-80622E19DBFE}"
EndProject
Project("{8BC9CEB8-8B4A-11D0-8D11-00A0C91BC942}") = "SimpleEngineWithOpenGL-005", "SimpleEngineWithOpenGL-005\SimpleEngineWithOpenGL-005.vcxproj", "{5A548D77-1ED5-4716-ADC2-1BDC4020E7CF}"
EndProject
Project("{8BC9CEB8-8B4A-11D0-8D11-00A0C91BC942}") = "SimpleEngineWithOpenGL-006", "SimpleEngineWithOpenGL-006\SimpleEngineWithOpenGL-006.vcxproj", "{67EB0D0F-4E6E-4639-83B7-2A4D170F59B0}"
EndProject
Project("{8BC9CEB8-8B4A-11D0-8D11-00A0C91BC942}") = "SimpleEngineWithOpenGL-007", "SimpleEngineWithOpenGL-007\SimpleEngineWithOpenGL-007.vcxproj", "{DF2F7876-5719-4AB0-A1B3-FF89DC348F0E}"
EndProject
Project("{8BC9CEB8-8B4A-11D0-8D11-00A0C91BC942}") = "SimpleEngineWithOpenGL-008", "SimpleEngineWithOpenGL-008\SimpleEngineWithOpenGL-008.vcxproj", "{28FF1AF3-F147-4202-A705-A92F14E5876D}"
EndProject
Project("{8BC9CEB8-8B4A-11D0-8D11-00A0C91BC942}") = "SimpleEngineWithOpenGL-009", "SimpleEngineWithOpenGL-009\SimpleEngineWithOpenGL-009.vcxproj", "{ACF3C853-4F78-4777-BD6B-4E1B3DB2BA71}"
EndProject
Project("{8BC9CEB8-8B4A-11D0-8D11-00A0C91BC942}") = "SimpleEngineWithOpenGL-010", "SimpleEngineWithOpenGL-010\SimpleEngineWithOpenGL-010.vcxproj", "{55846D8D-DAFC-43EF-A1CA-A31FB676D365}"
EndProject
Project("{8BC9CEB8-8B4A-11D0-8D11-00A0C91BC942}") = "SimpleEngineWithOpenGL-011", "SimpleEngineWithOpenGL-011\SimpleEngineWithOpenGL-011.vcxproj", "{EEC6D454-BECE-45A7-8C0E-676BD5DDD367}"
EndProject
Project("{8BC9CEB8-8B4A-11D0-8D11-00A0C91BC942}") = "SimpleEngineWithOpenGL-012", "SimpleEngineWithOpenGL-012\SimpleEngineWithOpenGL-012.vcxproj", "{4ACE81C1-CA19-4FA9-912D-7D26C2F35030}"
EndProject
Project("{8BC9CEB8-8B4A-11D0-8D11-00A0C91BC942}") = "SimpleEngineWithOpenGL-013", "SimpleEngineWithOpenGL-013\SimpleEngineWithOpenGL-013.vcxproj", "{0C1CAB28-033F-4C0B-B890-6557DB107553}"
EndProject
Project("{8BC9CEB8-8B4A-11D0-8D11-00A0C91BC942}") = "SimpleEngineWithOpenGL-014", "SimpleEngineWithOpenGL-014\SimpleEngineWithOpenGL-014.vcxproj", "{0B46D5F8-6A9C-4695-BDC8-7F7D08F5D852}"
EndProject
Project("{8BC9CEB8-8B4A-11D0-8D11-00A0C91BC942}") = "SimpleEngineWithOpenGL-015", "SimpleEngineWithOpenGL-015\SimpleEngineWithOpenGL-015.vcxproj", "{585D2C65-E757-4841-A063-D116852D6285}"
EndProject
Project("{8BC9CEB8-8B4A-11D0-8D11-00A0C91BC942}") = "SimpleEngineWithOpenGL-016", "SimpleEngineWithOpenGL-016\SimpleEngineWithOpenGL-016.vcxproj", "{B8C90695-B049-4131-B809-2F29E30C9626}"
EndProject
Project("{8BC9CEB8-8B4A-11D0-8D11-00A0C91BC942}") = "SimpleEngineWithOpenGL-017", "SimpleEngineWithOpenGL-017\SimpleEngineWithOpenGL-017.vcxproj", "{72854C9C-B9F8-4394-835C-9B163D06366A}"
EndProject
Project("{8BC9CEB8-8B4A-11D0-8D11-00A0C91BC942}") = "SimpleEngineWithOpenGL-018", "SimpleEngineWithOpenGL-018\SimpleEngineWithOpenGL-018.vcxproj", "{18F30EE7-A5FF-4C69-8405-7C794EBA5D07}"
EndProject
Project("{8BC9CEB8-8B4A-11D0-8D11-00A0C91BC942}") = "SimpleEngineWithOpenGL-019", "SimpleEngineWithOpenGL-019\SimpleEngineWithOpenGL-019.vcxproj", "{600A6F8E-7481-4028-A5EA-304921A20730}"
EndProject
Project("{8BC9CEB8-8B4A-11D0-8D11-00A0C91BC942}") = "SimpleEngineWithOpenGL-020", "SimpleEngineWithOpenGL-020\SimpleEngineWithOpenGL-020.vcxproj", "{06D2508B-C53D-41C8-8EB4-7B6225154ADB}"
EndProject
Project("{8BC9CEB8-8B4A-11D0-8D11-00A0C91BC942}") = "SimpleEngineWithOpenGL-021", "SimpleEngineWithOpenGL-021\SimpleEngineWithOpenGL-021.vcxproj", "{A49AE7CD-50F1-4304-9181-FBDD169CCBAC}"
EndProject
Project("{8BC9CEB8-8B4A-11D0-8D11-00A0C91BC942}") = "SimpleEngineWithOpenGL-022", "SimpleEngineWithOpenGL-022\SimpleEngineWithOpenGL-022.vcxproj", "{20F85409-CDFB-422B-974F-F68FAB037E33}"
EndProject
Project("{8BC9CEB8-8B4A-11D0-8D11-00A0C91BC942}") = "SimpleEngineWithOpenGL-023", "SimpleEngineWithOpenGL-023\SimpleEngineWithOpenGL-023.vcxproj", "{6A48CD46-0A92-4BAE-A579-E50A3A1AD6B1}"
EndProject
Project("{8BC9CEB8-8B4A-11D0-8D11-00A0C91BC942}") = "SimpleEngineWithOpenGL-024", "SimpleEngineWithOpenGL-024\SimpleEngineWithOpenGL-024.vcxproj", "{0EEE065E-755F-4118-805D-EE0044F21B96}"
EndProject
Project("{8BC9CEB8-8B4A-11D0-8D11-00A0C91BC942}") = "SimpleEngineWithOpenGL-025", "SimpleEngineWithOpenGL-025\SimpleEngineWithOpenGL-025.vcxproj", "{2814B6AF-07CC-42D2-8580-84837F0A39DF}"
EndProject
Project("{8BC9CEB8-8B4A-11D0-8D11-00A0C91BC942}") = "SimpleEngineWithOpenGL-026", "SimpleEngineWithOpenGL-026\SimpleEngineWithOpenGL-026.vcxproj", "{90830F05-C26B-4BEB-9908-5C644BF4FFC2}"
EndProject
Project("{8BC9CEB8-8B4A-11D0-8D11-00A0C91BC942}") = "SimpleEngineWithOpenGL-027", "SimpleEngineWithOpenGL-027\SimpleEngineWithOpenGL-027.vcxproj", "{868529CA-F4B9-4C3D-8BAE-91B2423FEBD3}"
EndProject
Project("{8BC9CEB8-8B4A-11D0-8D11-00A0C91BC942}") = "SimpleEngineWithOpenGL-028", "SimpleEngineWithOpenGL-028\SimpleEngineWithOpenGL-028.vcxproj", "{EBA9B458-5C5B-49FD-9B4A-9C19AC6B7C56}"
EndProject
Project("{8BC9CEB8-8B4A-11D0-8D11-00A0C91BC942}") = "SimpleEngineWithOpenGL-029", "SimpleEngineWithOpenGL-029\SimpleEngineWithOpenGL-029.vcxproj", "{616E7E74-DEF1-472D-91AF-4F848B0C4F90}"
EndProject
Project("{8BC9CEB8-8B4A-11D0-8D11-00A0C91BC942}") = "SimpleEngineWithOpenGL-030", "SimpleEngineWithOpenGL-030\SimpleEngineWithOpenGL-030.vcxproj", "{A2AECF57-85A0-455D-B834-BF7ACADBC492}"
EndProject
Project("{8BC9CEB8-8B4A-11D0-8D11-00A0C91BC942}") = "SimpleEngineWithOpenGL-031", "SimpleEngineWithOpenGL-031\SimpleEngineWithOpenGL-031.vcxproj", "{EE4D00DB-919E-4A81-87F4-0E9AB87684AA}"
EndProject
Project("{8BC9CEB8-8B4A-11D0-8D11-00A0C91BC942}") = "SimpleEngineWithOpenGL-032", "SimpleEngineWithOpenGL-032\SimpleEngineWithOpenGL-032.vcxproj", "{8575EAF3-314C-4FEF-978B-726BA2C7EABD}"
EndProject
Project("{8BC9CEB8-8B4A-11D0-8D11-00A0C91BC942}") = "SimpleEngineWithOpenGL-033", "SimpleEngineWithOpenGL-033\SimpleEngineWithOpenGL-033.vcxproj", "{9C1A0B68-0AA1-4355-BD8C-927E02412253}"
EndProject
Project("{8BC9CEB8-8B4A-11D0-8D11-00A0C91BC942}") = "SimpleEngineWithOpenGL-034", "SimpleEngineWithOpenGL-034\SimpleEngineWithOpenGL-034.vcxproj", "{536C8A31-C911-4269-A866-27CFA51E9AF3}"
EndProject
Project("{8BC9CEB8-8B4A-11D0-8D11-00A0C91BC942}") = "SimpleEngineWithOpenGL-035", "SimpleEngineWithOpenGL-035\SimpleEngineWithOpenGL-035.vcxproj", "{10AED17A-9A99-49BE-A6ED-BBD370A8A4D8}"
EndProject
Project("{8BC9CEB8-8B4A-11D0-8D11-00A0C91BC942}") = "SimpleEngineWithOpenGL-036", "SimpleEngineWithOpenGL-036\SimpleEngineWithOpenGL-036.vcxproj", "{E35D91DB-BA2E-4B67-9141-CF0879176ABB}"
EndProject
Project("{8BC9CEB8-8B4A-11D0-8D11-00A0C91BC942}") = "SimpleEngineWithOpenGL-037", "SimpleEngineWithOpenGL-037\SimpleEngineWithOpenGL-037.vcxproj", "{ABAD4EEE-DB86-4CDF-B7DE-8167312981E5}"
EndProject
Project("{8BC9CEB8-8B4A-11D0-8D11-00A0C91BC942}") = "SimpleEngineWithOpenGL-038", "SimpleEngineWithOpenGL-038\SimpleEngineWithOpenGL-038.vcxproj", "{578549FA-0B11-427F-BFD3-1A4B616211A2}"
EndProject
Project("{8BC9CEB8-8B4A-11D0-8D11-00A0C91BC942}") = "SimpleEngineWithOpenGL-039", "SimpleEngineWithOpenGL-039\SimpleEngineWithOpenGL-039.vcxproj", "{DAAA6E5C-4213-4A0A-8B42-5BED205E1B39}"
EndProject
Project("{8BC9CEB8-8B4A-11D0-8D11-00A0C91BC942}") = "SimpleEngineWithOpenGL-040", "SimpleEngineWithOpenGL-040\SimpleEngineWithOpenGL-040.vcxproj", "{8126B3E5-4E98-4F68-BF6E-6C8A9AE61540}"
EndProject
Project("{8BC9CEB8-8B4A-11D0-8D11-00A0C91BC942}") = "SimpleEngineWithOpenGL-041", "SimpleEngineWithOpenGL-041\SimpleEngineWithOpenGL-041.vcxproj", "{6EA7FD73-449C-45C4-AC21-01032B9E28C0}"
EndProject
Project("{8BC9CEB8-8B4A-11D0-8D11-00A0C91BC942}") = "SimpleEngineWithOpenGL-042", "SimpleEngineWithOpenGL-042\SimpleEngineWithOpenGL-042.vcxproj", "{F41549D2-ADBE-485A-83FD-898EC819D793}"
EndProject
Project("{8BC9CEB8-8B4A-11D0-8D11-00A0C91BC942}") = "SimpleEngineWithOpenGL-043", "SimpleEngineWithOpenGL-043\SimpleEngineWithOpenGL-043.vcxproj", "{43458BA7-A710-41ED-832B-33103B635578}"
EndProject
Project("{8BC9CEB8-8B4A-11D0-8D11-00A0C91BC942}") = "SimpleEngineWithOpenGL-044", "SimpleEngineWithOpenGL-044\SimpleEngineWithOpenGL-044.vcxproj", "{8C4B9ED5-6ED2-406F-AD3D-25842ED0E71F}"
EndProject
Project("{8BC9CEB8-8B4A-11D0-8D11-00A0C91BC942}") = "SimpleEngineWithOpenGL-045", "SimpleEngineWithOpenGL-045\SimpleEngineWithOpenGL-045.vcxproj", "{A759AC2A-09FB-4ADF-85A7-0B884372E017}"
EndProject
Project("{8BC9CEB8-8B4A-11D0-8D11-00A0C91BC942}") = "SimpleEngineWithOpenGL-046", "SimpleEngineWithOpenGL-046\SimpleEngineWithOpenGL-046.vcxproj", "{B2DF6494-1BB0-4FEF-B240-F8D6D680F21E}"
EndProject
Project("{8BC9CEB8-8B4A-11D0-8D11-00A0C91BC942}") = "SimpleEngineWithOpenGL-047", "SimpleEngineWithOpenGL-047\SimpleEngineWithOpenGL-047.vcxproj", "{CEC97C09-17C1-4286-9210-FA4F3B9B2E62}"
EndProject
Project("{8BC9CEB8-8B4A-11D0-8D11-00A0C91BC942}") = "SimpleEngineWithOpenGL-048", "SimpleEngineWithOpenGL-048\SimpleEngineWithOpenGL-048.vcxproj", "{88F81B65-322D-4F6C-A4DA-9C1FA4EF817C}"
EndProject
Project("{8BC9CEB8-8B4A-11D0-8D11-00A0C91BC942}") = "SimpleEngineWithOpenGL-049", "SimpleEngineWithOpenGL-049\SimpleEngineWithOpenGL-049.vcxproj", "{A1BE57B0-ACF6-4886-806E-49B90B3ABD7C}"
EndProject
Project("{8BC9CEB8-8B4A-11D0-8D11-00A0C91BC942}") = "SimpleEngineWithOpenGL-050", "SimpleEngineWithOpenGL-050\SimpleEngineWithOpenGL-050.vcxproj", "{07BE5330-35D7-4A5E-9624-6E3E2D4CA507}"
EndProject
Project("{8BC9CEB8-8B4A-11D0-8D11-00A0C91BC942}") = "SimpleEngineWithOpenGL-051", "SimpleEngineWithOpenGL-051\SimpleEngineWithOpenGL-051.vcxproj", "{C05A8AC7-E659-4BF0-9412-6C587EDBC22F}"
EndProject
Project("{8BC9CEB8-8B4A-11D0-8D11-00A0C91BC942}") = "SimpleEngineWithOpenGL-052", "SimpleEngineWithOpenGL-052\SimpleEngineWithOpenGL-052.vcxproj", "{402153B4-5CBB-4D5E-8C3C-490FC96980B9}"
EndProject
Project("{8BC9CEB8-8B4A-11D0-8D11-00A0C91BC942}") = "Test", "Test\Test.vcxproj", "{2D1E2F6E-721A-49CA-B972-35BBE9CE5C13}"
EndProject
Project("{8BC9CEB8-8B4A-11D0-8D11-00A0C91BC942}") = "SimpleEngineWithOpenGL-032-3c", "SimpleEngineWithOpenGL-032-3c\SimpleEngineWithOpenGL-032-3c.vcxproj", "{A0B705B5-0B1C-4B48-9DCD-2DC417261591}"
EndProject
Global
	GlobalSection(SolutionConfigurationPlatforms) = preSolution
		Debug|x64 = Debug|x64
		Debug|x86 = Debug|x86
		Release|x64 = Release|x64
		Release|x86 = Release|x86
	EndGlobalSection
	GlobalSection(ProjectConfigurationPlatforms) = postSolution
		{281DEC13-65F6-457F-BE77-4F2AFC3FA4E2}.Debug|x64.ActiveCfg = Debug|x64
		{281DEC13-65F6-457F-BE77-4F2AFC3FA4E2}.Debug|x64.Build.0 = Debug|x64
		{281DEC13-65F6-457F-BE77-4F2AFC3FA4E2}.Debug|x86.ActiveCfg = Debug|Win32
		{281DEC13-65F6-457F-BE77-4F2AFC3FA4E2}.Debug|x86.Build.0 = Debug|Win32
		{281DEC13-65F6-457F-BE77-4F2AFC3FA4E2}.Release|x64.ActiveCfg = Release|x64
		{281DEC13-65F6-457F-BE77-4F2AFC3FA4E2}.Release|x64.Build.0 = Release|x64
		{281DEC13-65F6-457F-BE77-4F2AFC3FA4E2}.Release|x86.ActiveCfg = Release|Win32
		{281DEC13-65F6-457F-BE77-4F2AFC3FA4E2}.Release|x86.Build.0 = Release|Win32
		{8A77DA43-CDE5-4EF9-AF9A-C5F7CF76539A}.Debug|x64.ActiveCfg = Debug|x64
		{8A77DA43-CDE5-4EF9-AF9A-C5F7CF76539A}.Debug|x64.Build.0 = Debug|x64
		{8A77DA43-CDE5-4EF9-AF9A-C5F7CF76539A}.Debug|x86.ActiveCfg = Debug|Win32
		{8A77DA43-CDE5-4EF9-AF9A-C5F7CF76539A}.Debug|x86.Build.0 = Debug|Win32
		{8A77DA43-CDE5-4EF9-AF9A-C5F7CF76539A}.Release|x64.ActiveCfg = Release|x64
		{8A77DA43-CDE5-4EF9-AF9A-C5F7CF76539A}.Release|x64.Build.0 = Release|x64
		{8A77DA43-CDE5-4EF9-AF9A-C5F7CF76539A}.Release|x86.ActiveCfg = Release|Win32
		{8A77DA43-CDE5-4EF9-AF9A-C5F7CF76539A}.Release|x86.Build.0 = Release|Win32
		{5960470A-FADB-4E56-9A84-285878A5D30E}.Debug|x64.ActiveCfg = Debug|x64
		{5960470A-FADB-4E56-9A84-285878A5D30E}.Debug|x64.Build.0 = Debug|x64
		{5960470A-FADB-4E56-9A84-285878A5D30E}.Debug|x86.ActiveCfg = Debug|Win32
		{5960470A-FADB-4E56-9A84-285878A5D30E}.Debug|x86.Build.0 = Debug|Win32
		{5960470A-FADB-4E56-9A84-285878A5D30E}.Release|x64.ActiveCfg = Release|x64
		{5960470A-FADB-4E56-9A84-285878A5D30E}.Release|x64.Build.0 = Release|x64
		{5960470A-FADB-4E56-9A84-285878A5D30E}.Release|x86.ActiveCfg = Release|Win32
		{5960470A-FADB-4E56-9A84-285878A5D30E}.Release|x86.Build.0 = Release|Win32
		{5D25C4C0-9D93-4905-B8E4-80622E19DBFE}.Debug|x64.ActiveCfg = Debug|x64
		{5D25C4C0-9D93-4905-B8E4-80622E19DBFE}.Debug|x64.Build.0 = Debug|x64
		{5D25C4C0-9D93-4905-B8E4-80622E19DBFE}.Debug|x86.ActiveCfg = Debug|Win32
		{5D25C4C0-9D93-4905-B8E4-80622E19DBFE}.Debug|x86.Build.0 = Debug|Win32
		{5D25C4C0-9D93-4905-B8E4-80622E19DBFE}.Release|x64.ActiveCfg = Release|x64
		{5D25C4C0-9D93-4905-B8E4-80622E19DBFE}.Release|x64.Build.0 = Release|x64
		{5D25C4C0-9D93-4905-B8E4-80622E19DBFE}.Release|x86.ActiveCfg = Release|Win32
		{5D25C4C0-9D93-4905-B8E4-80622E19DBFE}.Release|x86.Build.0 = Release|Win32
		{5A548D77-1ED5-4716-ADC2-1BDC4020E7CF}.Debug|x64.ActiveCfg = Debug|x64
		{5A548D77-1ED5-4716-ADC2-1BDC4020E7CF}.Debug|x64.Build.0 = Debug|x64
		{5A548D77-1ED5-4716-ADC2-1BDC4020E7CF}.Debug|x86.ActiveCfg = Debug|Win32
		{5A548D77-1ED5-4716-ADC2-1BDC4020E7CF}.Debug|x86.Build.0 = Debug|Win32
		{5A548D77-1ED5-4716-ADC2-1BDC4020E7CF}.Release|x64.ActiveCfg = Release|x64
		{5A548D77-1ED5-4716-ADC2-1BDC4020E7CF}.Release|x64.Build.0 = Release|x64
		{5A548D77-1ED5-4716-ADC2-1BDC4020E7CF}.Release|x86.ActiveCfg = Release|Win32
		{5A548D77-1ED5-4716-ADC2-1BDC4020E7CF}.Release|x86.Build.0 = Release|Win32
		{67EB0D0F-4E6E-4639-83B7-2A4D170F59B0}.Debug|x64.ActiveCfg = Debug|x64
		{67EB0D0F-4E6E-4639-83B7-2A4D170F59B0}.Debug|x64.Build.0 = Debug|x64
		{67EB0D0F-4E6E-4639-83B7-2A4D170F59B0}.Debug|x86.ActiveCfg = Debug|Win32
		{67EB0D0F-4E6E-4639-83B7-2A4D170F59B0}.Debug|x86.Build.0 = Debug|Win32
		{67EB0D0F-4E6E-4639-83B7-2A4D170F59B0}.Release|x64.ActiveCfg = Release|x64
		{67EB0D0F-4E6E-4639-83B7-2A4D170F59B0}.Release|x64.Build.0 = Release|x64
		{67EB0D0F-4E6E-4639-83B7-2A4D170F59B0}.Release|x86.ActiveCfg = Release|Win32
		{67EB0D0F-4E6E-4639-83B7-2A4D170F59B0}.Release|x86.Build.0 = Release|Win32
		{DF2F7876-5719-4AB0-A1B3-FF89DC348F0E}.Debug|x64.ActiveCfg = Debug|x64
		{DF2F7876-5719-4AB0-A1B3-FF89DC348F0E}.Debug|x64.Build.0 = Debug|x64
		{DF2F7876-5719-4AB0-A1B3-FF89DC348F0E}.Debug|x86.ActiveCfg = Debug|Win32
		{DF2F7876-5719-4AB0-A1B3-FF89DC348F0E}.Debug|x86.Build.0 = Debug|Win32
		{DF2F7876-5719-4AB0-A1B3-FF89DC348F0E}.Release|x64.ActiveCfg = Release|x64
		{DF2F7876-5719-4AB0-A1B3-FF89DC348F0E}.Release|x64.Build.0 = Release|x64
		{DF2F7876-5719-4AB0-A1B3-FF89DC348F0E}.Release|x86.ActiveCfg = Release|Win32
		{DF2F7876-5719-4AB0-A1B3-FF89DC348F0E}.Release|x86.Build.0 = Release|Win32
		{28FF1AF3-F147-4202-A705-A92F14E5876D}.Debug|x64.ActiveCfg = Debug|x64
		{28FF1AF3-F147-4202-A705-A92F14E5876D}.Debug|x64.Build.0 = Debug|x64
		{28FF1AF3-F147-4202-A705-A92F14E5876D}.Debug|x86.ActiveCfg = Debug|Win32
		{28FF1AF3-F147-4202-A705-A92F14E5876D}.Debug|x86.Build.0 = Debug|Win32
		{28FF1AF3-F147-4202-A705-A92F14E5876D}.Release|x64.ActiveCfg = Release|x64
		{28FF1AF3-F147-4202-A705-A92F14E5876D}.Release|x64.Build.0 = Release|x64
		{28FF1AF3-F147-4202-A705-A92F14E5876D}.Release|x86.ActiveCfg = Release|Win32
		{28FF1AF3-F147-4202-A705-A92F14E5876D}.Release|x86.Build.0 = Release|Win32
		{ACF3C853-4F78-4777-BD6B-4E1B3DB2BA71}.Debug|x64.ActiveCfg = Debug|x64
		{ACF3C853-4F78-4777-BD6B-4E1B3DB2BA71}.Debug|x64.Build.0 = Debug|x64
		{ACF3C853-4F78-4777-BD6B-4E1B3DB2BA71}.Debug|x86.ActiveCfg = Debug|Win32
		{ACF3C853-4F78-4777-BD6B-4E1B3DB2BA71}.Debug|x86.Build.0 = Debug|Win32
		{ACF3C853-4F78-4777-BD6B-4E1B3DB2BA71}.Release|x64.ActiveCfg = Release|x64
		{ACF3C853-4F78-4777-BD6B-4E1B3DB2BA71}.Release|x64.Build.0 = Release|x64
		{ACF3C853-4F78-4777-BD6B-4E1B3DB2BA71}.Release|x86.ActiveCfg = Release|Win32
		{ACF3C853-4F78-4777-BD6B-4E1B3DB2BA71}.Release|x86.Build.0 = Release|Win32
		{55846D8D-DAFC-43EF-A1CA-A31FB676D365}.Debug|x64.ActiveCfg = Debug|x64
		{55846D8D-DAFC-43EF-A1CA-A31FB676D365}.Debug|x64.Build.0 = Debug|x64
		{55846D8D-DAFC-43EF-A1CA-A31FB676D365}.Debug|x86.ActiveCfg = Debug|Win32
		{55846D8D-DAFC-43EF-A1CA-A31FB676D365}.Debug|x86.Build.0 = Debug|Win32
		{55846D8D-DAFC-43EF-A1CA-A31FB676D365}.Release|x64.ActiveCfg = Release|x64
		{55846D8D-DAFC-43EF-A1CA-A31FB676D365}.Release|x64.Build.0 = Release|x64
		{55846D8D-DAFC-43EF-A1CA-A31FB676D365}.Release|x86.ActiveCfg = Release|Win32
		{55846D8D-DAFC-43EF-A1CA-A31FB676D365}.Release|x86.Build.0 = Release|Win32
		{EEC6D454-BECE-45A7-8C0E-676BD5DDD367}.Debug|x64.ActiveCfg = Debug|x64
		{EEC6D454-BECE-45A7-8C0E-676BD5DDD367}.Debug|x64.Build.0 = Debug|x64
		{EEC6D454-BECE-45A7-8C0E-676BD5DDD367}.Debug|x86.ActiveCfg = Debug|Win32
		{EEC6D454-BECE-45A7-8C0E-676BD5DDD367}.Debug|x86.Build.0 = Debug|Win32
		{EEC6D454-BECE-45A7-8C0E-676BD5DDD367}.Release|x64.ActiveCfg = Release|x64
		{EEC6D454-BECE-45A7-8C0E-676BD5DDD367}.Release|x64.Build.0 = Release|x64
		{EEC6D454-BECE-45A7-8C0E-676BD5DDD367}.Release|x86.ActiveCfg = Release|Win32
		{EEC6D454-BECE-45A7-8C0E-676BD5DDD367}.Release|x86.Build.0 = Release|Win32
		{4ACE81C1-CA19-4FA9-912D-7D26C2F35030}.Debug|x64.ActiveCfg = Debug|x64
		{4ACE81C1-CA19-4FA9-912D-7D26C2F35030}.Debug|x64.Build.0 = Debug|x64
		{4ACE81C1-CA19-4FA9-912D-7D26C2F35030}.Debug|x86.ActiveCfg = Debug|Win32
		{4ACE81C1-CA19-4FA9-912D-7D26C2F35030}.Debug|x86.Build.0 = Debug|Win32
		{4ACE81C1-CA19-4FA9-912D-7D26C2F35030}.Release|x64.ActiveCfg = Release|x64
		{4ACE81C1-CA19-4FA9-912D-7D26C2F35030}.Release|x64.Build.0 = Release|x64
		{4ACE81C1-CA19-4FA9-912D-7D26C2F35030}.Release|x86.ActiveCfg = Release|Win32
		{4ACE81C1-CA19-4FA9-912D-7D26C2F35030}.Release|x86.Build.0 = Release|Win32
		{0C1CAB28-033F-4C0B-B890-6557DB107553}.Debug|x64.ActiveCfg = Debug|x64
		{0C1CAB28-033F-4C0B-B890-6557DB107553}.Debug|x64.Build.0 = Debug|x64
		{0C1CAB28-033F-4C0B-B890-6557DB107553}.Debug|x86.ActiveCfg = Debug|Win32
		{0C1CAB28-033F-4C0B-B890-6557DB107553}.Debug|x86.Build.0 = Debug|Win32
		{0C1CAB28-033F-4C0B-B890-6557DB107553}.Release|x64.ActiveCfg = Release|x64
		{0C1CAB28-033F-4C0B-B890-6557DB107553}.Release|x64.Build.0 = Release|x64
		{0C1CAB28-033F-4C0B-B890-6557DB107553}.Release|x86.ActiveCfg = Release|Win32
		{0C1CAB28-033F-4C0B-B890-6557DB107553}.Release|x86.Build.0 = Release|Win32
		{0B46D5F8-6A9C-4695-BDC8-7F7D08F5D852}.Debug|x64.ActiveCfg = Debug|x64
		{0B46D5F8-6A9C-4695-BDC8-7F7D08F5D852}.Debug|x64.Build.0 = Debug|x64
		{0B46D5F8-6A9C-4695-BDC8-7F7D08F5D852}.Debug|x86.ActiveCfg = Debug|Win32
		{0B46D5F8-6A9C-4695-BDC8-7F7D08F5D852}.Debug|x86.Build.0 = Debug|Win32
		{0B46D5F8-6A9C-4695-BDC8-7F7D08F5D852}.Release|x64.ActiveCfg = Release|x64
		{0B46D5F8-6A9C-4695-BDC8-7F7D08F5D852}.Release|x64.Build.0 = Release|x64
		{0B46D5F8-6A9C-4695-BDC8-7F7D08F5D852}.Release|x86.ActiveCfg = Release|Win32
		{0B46D5F8-6A9C-4695-BDC8-7F7D08F5D852}.Release|x86.Build.0 = Release|Win32
		{585D2C65-E757-4841-A063-D116852D6285}.Debug|x64.ActiveCfg = Debug|x64
		{585D2C65-E757-4841-A063-D116852D6285}.Debug|x64.Build.0 = Debug|x64
		{585D2C65-E757-4841-A063-D116852D6285}.Debug|x86.ActiveCfg = Debug|Win32
		{585D2C65-E757-4841-A063-D116852D6285}.Debug|x86.Build.0 = Debug|Win32
		{585D2C65-E757-4841-A063-D116852D6285}.Release|x64.ActiveCfg = Release|x64
		{585D2C65-E757-4841-A063-D116852D6285}.Release|x64.Build.0 = Release|x64
		{585D2C65-E757-4841-A063-D116852D6285}.Release|x86.ActiveCfg = Release|Win32
		{585D2C65-E757-4841-A063-D116852D6285}.Release|x86.Build.0 = Release|Win32
		{B8C90695-B049-4131-B809-2F29E30C9626}.Debug|x64.ActiveCfg = Debug|x64
		{B8C90695-B049-4131-B809-2F29E30C9626}.Debug|x64.Build.0 = Debug|x64
		{B8C90695-B049-4131-B809-2F29E30C9626}.Debug|x86.ActiveCfg = Debug|Win32
		{B8C90695-B049-4131-B809-2F29E30C9626}.Debug|x86.Build.0 = Debug|Win32
		{B8C90695-B049-4131-B809-2F29E30C9626}.Release|x64.ActiveCfg = Release|x64
		{B8C90695-B049-4131-B809-2F29E30C9626}.Release|x64.Build.0 = Release|x64
		{B8C90695-B049-4131-B809-2F29E30C9626}.Release|x86.ActiveCfg = Release|Win32
		{B8C90695-B049-4131-B809-2F29E30C9626}.Release|x86.Build.0 = Release|Win32
		{72854C9C-B9F8-4394-835C-9B163D06366A}.Debug|x64.ActiveCfg = Debug|x64
		{72854C9C-B9F8-4394-835C-9B163D06366A}.Debug|x64.Build.0 = Debug|x64
		{72854C9C-B9F8-4394-835C-9B163D06366A}.Debug|x86.ActiveCfg = Debug|Win32
		{72854C9C-B9F8-4394-835C-9B163D06366A}.Debug|x86.Build.0 = Debug|Win32
		{72854C9C-B9F8-4394-835C-9B163D06366A}.Release|x64.ActiveCfg = Release|x64
		{72854C9C-B9F8-4394-835C-9B163D06366A}.Release|x64.Build.0 = Release|x64
		{72854C9C-B9F8-4394-835C-9B163D06366A}.Release|x86.ActiveCfg = Release|Win32
		{72854C9C-B9F8-4394-835C-9B163D06366A}.Release|x86.Build.0 = Release|Win32
		{18F30EE7-A5FF-4C69-8405-7C794EBA5D07}.Debug|x64.ActiveCfg = Debug|x64
		{18F30EE7-A5FF-4C69-8405-7C794EBA5D07}.Debug|x64.Build.0 = Debug|x64
		{18F30EE7-A5FF-4C69-8405-7C794EBA5D07}.Debug|x86.ActiveCfg = Debug|Win32
		{18F30EE7-A5FF-4C69-8405-7C794EBA5D07}.Debug|x86.Build.0 = Debug|Win32
		{18F30EE7-A5FF-4C69-8405-7C794EBA5D07}.Release|x64.ActiveCfg = Release|x64
		{18F30EE7-A5FF-4C69-8405-7C794EBA5D07}.Release|x64.Build.0 = Release|x64
		{18F30EE7-A5FF-4C69-8405-7C794EBA5D07}.Release|x86.ActiveCfg = Release|Win32
		{18F30EE7-A5FF-4C69-8405-7C794EBA5D07}.Release|x86.Build.0 = Release|Win32
		{600A6F8E-7481-4028-A5EA-304921A20730}.Debug|x64.ActiveCfg = Debug|x64
		{600A6F8E-7481-4028-A5EA-304921A20730}.Debug|x64.Build.0 = Debug|x64
		{600A6F8E-7481-4028-A5EA-304921A20730}.Debug|x86.ActiveCfg = Debug|Win32
		{600A6F8E-7481-4028-A5EA-304921A20730}.Debug|x86.Build.0 = Debug|Win32
		{600A6F8E-7481-4028-A5EA-304921A20730}.Release|x64.ActiveCfg = Release|x64
		{600A6F8E-7481-4028-A5EA-304921A20730}.Release|x64.Build.0 = Release|x64
		{600A6F8E-7481-4028-A5EA-304921A20730}.Release|x86.ActiveCfg = Release|Win32
		{600A6F8E-7481-4028-A5EA-304921A20730}.Release|x86.Build.0 = Release|Win32
		{06D2508B-C53D-41C8-8EB4-7B6225154ADB}.Debug|x64.ActiveCfg = Debug|x64
		{06D2508B-C53D-41C8-8EB4-7B6225154ADB}.Debug|x64.Build.0 = Debug|x64
		{06D2508B-C53D-41C8-8EB4-7B6225154ADB}.Debug|x86.ActiveCfg = Debug|Win32
		{06D2508B-C53D-41C8-8EB4-7B6225154ADB}.Debug|x86.Build.0 = Debug|Win32
		{06D2508B-C53D-41C8-8EB4-7B6225154ADB}.Release|x64.ActiveCfg = Release|x64
		{06D2508B-C53D-41C8-8EB4-7B6225154ADB}.Release|x64.Build.0 = Release|x64
		{06D2508B-C53D-41C8-8EB4-7B6225154ADB}.Release|x86.ActiveCfg = Release|Win32
		{06D2508B-C53D-41C8-8EB4-7B6225154ADB}.Release|x86.Build.0 = Release|Win32
		{A49AE7CD-50F1-4304-9181-FBDD169CCBAC}.Debug|x64.ActiveCfg = Debug|x64
		{A49AE7CD-50F1-4304-9181-FBDD169CCBAC}.Debug|x64.Build.0 = Debug|x64
		{A49AE7CD-50F1-4304-9181-FBDD169CCBAC}.Debug|x86.ActiveCfg = Debug|Win32
		{A49AE7CD-50F1-4304-9181-FBDD169CCBAC}.Debug|x86.Build.0 = Debug|Win32
		{A49AE7CD-50F1-4304-9181-FBDD169CCBAC}.Release|x64.ActiveCfg = Release|x64
		{A49AE7CD-50F1-4304-9181-FBDD169CCBAC}.Release|x64.Build.0 = Release|x64
		{A49AE7CD-50F1-4304-9181-FBDD169CCBAC}.Release|x86.ActiveCfg = Release|Win32
		{A49AE7CD-50F1-4304-9181-FBDD169CCBAC}.Release|x86.Build.0 = Release|Win32
		{20F85409-CDFB-422B-974F-F68FAB037E33}.Debug|x64.ActiveCfg = Debug|x64
		{20F85409-CDFB-422B-974F-F68FAB037E33}.Debug|x64.Build.0 = Debug|x64
		{20F85409-CDFB-422B-974F-F68FAB037E33}.Debug|x86.ActiveCfg = Debug|Win32
		{20F85409-CDFB-422B-974F-F68FAB037E33}.Debug|x86.Build.0 = Debug|Win32
		{20F85409-CDFB-422B-974F-F68FAB037E33}.Release|x64.ActiveCfg = Release|x64
		{20F85409-CDFB-422B-974F-F68FAB037E33}.Release|x64.Build.0 = Release|x64
		{20F85409-CDFB-422B-974F-F68FAB037E33}.Release|x86.ActiveCfg = Release|Win32
		{20F85409-CDFB-422B-974F-F68FAB037E33}.Release|x86.Build.0 = Release|Win32
		{6A48CD46-0A92-4BAE-A579-E50A3A1AD6B1}.Debug|x64.ActiveCfg = Debug|x64
		{6A48CD46-0A92-4BAE-A579-E50A3A1AD6B1}.Debug|x64.Build.0 = Debug|x64
		{6A48CD46-0A92-4BAE-A579-E50A3A1AD6B1}.Debug|x86.ActiveCfg = Debug|Win32
		{6A48CD46-0A92-4BAE-A579-E50A3A1AD6B1}.Debug|x86.Build.0 = Debug|Win32
		{6A48CD46-0A92-4BAE-A579-E50A3A1AD6B1}.Release|x64.ActiveCfg = Release|x64
		{6A48CD46-0A92-4BAE-A579-E50A3A1AD6B1}.Release|x64.Build.0 = Release|x64
		{6A48CD46-0A92-4BAE-A579-E50A3A1AD6B1}.Release|x86.ActiveCfg = Release|Win32
		{6A48CD46-0A92-4BAE-A579-E50A3A1AD6B1}.Release|x86.Build.0 = Release|Win32
		{0EEE065E-755F-4118-805D-EE0044F21B96}.Debug|x64.ActiveCfg = Debug|x64
		{0EEE065E-755F-4118-805D-EE0044F21B96}.Debug|x64.Build.0 = Debug|x64
		{0EEE065E-755F-4118-805D-EE0044F21B96}.Debug|x86.ActiveCfg = Debug|Win32
		{0EEE065E-755F-4118-805D-EE0044F21B96}.Debug|x86.Build.0 = Debug|Win32
		{0EEE065E-755F-4118-805D-EE0044F21B96}.Release|x64.ActiveCfg = Release|x64
		{0EEE065E-755F-4118-805D-EE0044F21B96}.Release|x64.Build.0 = Release|x64
		{0EEE065E-755F-4118-805D-EE0044F21B96}.Release|x86.ActiveCfg = Release|Win32
		{0EEE065E-755F-4118-805D-EE0044F21B96}.Release|x86.Build.0 = Release|Win32
		{2814B6AF-07CC-42D2-8580-84837F0A39DF}.Debug|x64.ActiveCfg = Debug|x64
		{2814B6AF-07CC-42D2-8580-84837F0A39DF}.Debug|x64.Build.0 = Debug|x64
		{2814B6AF-07CC-42D2-8580-84837F0A39DF}.Debug|x86.ActiveCfg = Debug|Win32
		{2814B6AF-07CC-42D2-8580-84837F0A39DF}.Debug|x86.Build.0 = Debug|Win32
		{2814B6AF-07CC-42D2-8580-84837F0A39DF}.Release|x64.ActiveCfg = Release|x64
		{2814B6AF-07CC-42D2-8580-84837F0A39DF}.Release|x64.Build.0 = Release|x64
		{2814B6AF-07CC-42D2-8580-84837F0A39DF}.Release|x86.ActiveCfg = Release|Win32
		{2814B6AF-07CC-42D2-8580-84837F0A39DF}.Release|x86.Build.0 = Release|Win32
		{90830F05-C26B-4BEB-9908-5C644BF4FFC2}.Debug|x64.ActiveCfg = Debug|x64
		{90830F05-C26B-4BEB-9908-5C644BF4FFC2}.Debug|x64.Build.0 = Debug|x64
		{90830F05-C26B-4BEB-9908-5C644BF4FFC2}.Debug|x86.ActiveCfg = Debug|Win32
		{90830F05-C26B-4BEB-9908-5C644BF4FFC2}.Debug|x86.Build.0 = Debug|Win32
		{90830F05-C26B-4BEB-9908-5C644BF4FFC2}.Release|x64.ActiveCfg = Release|x64
		{90830F05-C26B-4BEB-9908-5C644BF4FFC2}.Release|x64.Build.0 = Release|x64
		{90830F05-C26B-4BEB-9908-5C644BF4FFC2}.Release|x86.ActiveCfg = Release|Win32
		{90830F05-C26B-4BEB-9908-5C644BF4FFC2}.Release|x86.Build.0 = Release|Win32
		{868529CA-F4B9-4C3D-8BAE-91B2423FEBD3}.Debug|x64.ActiveCfg = Debug|x64
		{868529CA-F4B9-4C3D-8BAE-91B2423FEBD3}.Debug|x64.Build.0 = Debug|x64
		{868529CA-F4B9-4C3D-8BAE-91B2423FEBD3}.Debug|x86.ActiveCfg = Debug|Win32
		{868529CA-F4B9-4C3D-8BAE-91B2423FEBD3}.Debug|x86.Build.0 = Debug|Win32
		{868529CA-F4B9-4C3D-8BAE-91B2423FEBD3}.Release|x64.ActiveCfg = Release|x64
		{868529CA-F4B9-4C3D-8BAE-91B2423FEBD3}.Release|x64.Build.0 = Release|x64
		{868529CA-F4B9-4C3D-8BAE-91B2423FEBD3}.Release|x86.ActiveCfg = Release|Win32
		{868529CA-F4B9-4C3D-8BAE-91B2423FEBD3}.Release|x86.Build.0 = Release|Win32
		{EBA9B458-5C5B-49FD-9B4A-9C19AC6B7C56}.Debug|x64.ActiveCfg = Debug|x64
		{EBA9B458-5C5B-49FD-9B4A-9C19AC6B7C56}.Debug|x64.Build.0 = Debug|x64
		{EBA9B458-5C5B-49FD-9B4A-9C19AC6B7C56}.Debug|x86.ActiveCfg = Debug|Win32
		{EBA9B458-5C5B-49FD-9B4A-9C19AC6B7C56}.Debug|x86.Build.0 = Debug|Win32
		{EBA9B458-5C5B-49FD-9B4A-9C19AC6B7C56}.Release|x64.ActiveCfg = Release|x64
		{EBA9B458-5C5B-49FD-9B4A-9C19AC6B7C56}.Release|x64.Build.0 = Release|x64
		{EBA9B458-5C5B-49FD-9B4A-9C19AC6B7C56}.Release|x86.ActiveCfg = Release|Win32
		{EBA9B458-5C5B-49FD-9B4A-9C19AC6B7C56}.Release|x86.Build.0 = Release|Win32
		{616E7E74-DEF1-472D-91AF-4F848B0C4F90}.Debug|x64.ActiveCfg = Debug|x64
		{616E7E74-DEF1-472D-91AF-4F848B0C4F90}.Debug|x64.Build.0 = Debug|x64
		{616E7E74-DEF1-472D-91AF-4F848B0C4F90}.Debug|x86.ActiveCfg = Debug|Win32
		{616E7E74-DEF1-472D-91AF-4F848B0C4F90}.Debug|x86.Build.0 = Debug|Win32
		{616E7E74-DEF1-472D-91AF-4F848B0C4F90}.Release|x64.ActiveCfg = Release|x64
		{616E7E74-DEF1-472D-91AF-4F848B0C4F90}.Release|x64.Build.0 = Release|x64
		{616E7E74-DEF1-472D-91AF-4F848B0C4F90}.Release|x86.ActiveCfg = Release|Win32
		{616E7E74-DEF1-472D-91AF-4F848B0C4F90}.Release|x86.Build.0 = Release|Win32
		{A2AECF57-85A0-455D-B834-BF7ACADBC492}.Debug|x64.ActiveCfg = Debug|x64
		{A2AECF57-85A0-455D-B834-BF7ACADBC492}.Debug|x64.Build.0 = Debug|x64
		{A2AECF57-85A0-455D-B834-BF7ACADBC492}.Debug|x86.ActiveCfg = Debug|Win32
		{A2AECF57-85A0-455D-B834-BF7ACADBC492}.Debug|x86.Build.0 = Debug|Win32
		{A2AECF57-85A0-455D-B834-BF7ACADBC492}.Release|x64.ActiveCfg = Release|x64
		{A2AECF57-85A0-455D-B834-BF7ACADBC492}.Release|x64.Build.0 = Release|x64
		{A2AECF57-85A0-455D-B834-BF7ACADBC492}.Release|x86.ActiveCfg = Release|Win32
		{A2AECF57-85A0-455D-B834-BF7ACADBC492}.Release|x86.Build.0 = Release|Win32
		{EE4D00DB-919E-4A81-87F4-0E9AB87684AA}.Debug|x64.ActiveCfg = Debug|x64
		{EE4D00DB-919E-4A81-87F4-0E9AB87684AA}.Debug|x64.Build.0 = Debug|x64
		{EE4D00DB-919E-4A81-87F4-0E9AB87684AA}.Debug|x86.ActiveCfg = Debug|Win32
		{EE4D00DB-919E-4A81-87F4-0E9AB87684AA}.Debug|x86.Build.0 = Debug|Win32
		{EE4D00DB-919E-4A81-87F4-0E9AB87684AA}.Release|x64.ActiveCfg = Release|x64
		{EE4D00DB-919E-4A81-87F4-0E9AB87684AA}.Release|x64.Build.0 = Release|x64
		{EE4D00DB-919E-4A81-87F4-0E9AB87684AA}.Release|x86.ActiveCfg = Release|Win32
		{EE4D00DB-919E-4A81-87F4-0E9AB87684AA}.Release|x86.Build.0 = Release|Win32
		{8575EAF3-314C-4FEF-978B-726BA2C7EABD}.Debug|x64.ActiveCfg = Debug|x64
		{8575EAF3-314C-4FEF-978B-726BA2C7EABD}.Debug|x64.Build.0 = Debug|x64
		{8575EAF3-314C-4FEF-978B-726BA2C7EABD}.Debug|x86.ActiveCfg = Debug|Win32
		{8575EAF3-314C-4FEF-978B-726BA2C7EABD}.Debug|x86.Build.0 = Debug|Win32
		{8575EAF3-314C-4FEF-978B-726BA2C7EABD}.Release|x64.ActiveCfg = Release|x64
		{8575EAF3-314C-4FEF-978B-726BA2C7EABD}.Release|x64.Build.0 = Release|x64
		{8575EAF3-314C-4FEF-978B-726BA2C7EABD}.Release|x86.ActiveCfg = Release|Win32
		{8575EAF3-314C-4FEF-978B-726BA2C7EABD}.Release|x86.Build.0 = Release|Win32
		{9C1A0B68-0AA1-4355-BD8C-927E02412253}.Debug|x64.ActiveCfg = Debug|x64
		{9C1A0B68-0AA1-4355-BD8C-927E02412253}.Debug|x64.Build.0 = Debug|x64
		{9C1A0B68-0AA1-4355-BD8C-927E02412253}.Debug|x86.ActiveCfg = Debug|Win32
		{9C1A0B68-0AA1-4355-BD8C-927E02412253}.Debug|x86.Build.0 = Debug|Win32
		{9C1A0B68-0AA1-4355-BD8C-927E02412253}.Release|x64.ActiveCfg = Release|x64
		{9C1A0B68-0AA1-4355-BD8C-927E02412253}.Release|x64.Build.0 = Release|x64
		{9C1A0B68-0AA1-4355-BD8C-927E02412253}.Release|x86.ActiveCfg = Release|Win32
		{9C1A0B68-0AA1-4355-BD8C-927E02412253}.Release|x86.Build.0 = Release|Win32
		{536C8A31-C911-4269-A866-27CFA51E9AF3}.Debug|x64.ActiveCfg = Debug|x64
		{536C8A31-C911-4269-A866-27CFA51E9AF3}.Debug|x64.Build.0 = Debug|x64
		{536C8A31-C911-4269-A866-27CFA51E9AF3}.Debug|x86.ActiveCfg = Debug|Win32
		{536C8A31-C911-4269-A866-27CFA51E9AF3}.Debug|x86.Build.0 = Debug|Win32
		{536C8A31-C911-4269-A866-27CFA51E9AF3}.Release|x64.ActiveCfg = Release|x64
		{536C8A31-C911-4269-A866-27CFA51E9AF3}.Release|x64.Build.0 = Release|x64
		{536C8A31-C911-4269-A866-27CFA51E9AF3}.Release|x86.ActiveCfg = Release|Win32
		{536C8A31-C911-4269-A866-27CFA51E9AF3}.Release|x86.Build.0 = Release|Win32
		{10AED17A-9A99-49BE-A6ED-BBD370A8A4D8}.Debug|x64.ActiveCfg = Debug|x64
		{10AED17A-9A99-49BE-A6ED-BBD370A8A4D8}.Debug|x64.Build.0 = Debug|x64
		{10AED17A-9A99-49BE-A6ED-BBD370A8A4D8}.Debug|x86.ActiveCfg = Debug|Win32
		{10AED17A-9A99-49BE-A6ED-BBD370A8A4D8}.Debug|x86.Build.0 = Debug|Win32
		{10AED17A-9A99-49BE-A6ED-BBD370A8A4D8}.Release|x64.ActiveCfg = Release|x64
		{10AED17A-9A99-49BE-A6ED-BBD370A8A4D8}.Release|x64.Build.0 = Release|x64
		{10AED17A-9A99-49BE-A6ED-BBD370A8A4D8}.Release|x86.ActiveCfg = Release|Win32
		{10AED17A-9A99-49BE-A6ED-BBD370A8A4D8}.Release|x86.Build.0 = Release|Win32
		{E35D91DB-BA2E-4B67-9141-CF0879176ABB}.Debug|x64.ActiveCfg = Debug|x64
		{E35D91DB-BA2E-4B67-9141-CF0879176ABB}.Debug|x64.Build.0 = Debug|x64
		{E35D91DB-BA2E-4B67-9141-CF0879176ABB}.Debug|x86.ActiveCfg = Debug|Win32
		{E35D91DB-BA2E-4B67-9141-CF0879176ABB}.Debug|x86.Build.0 = Debug|Win32
		{E35D91DB-BA2E-4B67-9141-CF0879176ABB}.Release|x64.ActiveCfg = Release|x64
		{E35D91DB-BA2E-4B67-9141-CF0879176ABB}.Release|x64.Build.0 = Release|x64
		{E35D91DB-BA2E-4B67-9141-CF0879176ABB}.Release|x86.ActiveCfg = Release|Win32
		{E35D91DB-BA2E-4B67-9141-CF0879176ABB}.Release|x86.Build.0 = Release|Win32
		{ABAD4EEE-DB86-4CDF-B7DE-8167312981E5}.Debug|x64.ActiveCfg = Debug|x64
		{ABAD4EEE-DB86-4CDF-B7DE-8167312981E5}.Debug|x64.Build.0 = Debug|x64
		{ABAD4EEE-DB86-4CDF-B7DE-8167312981E5}.Debug|x86.ActiveCfg = Debug|Win32
		{ABAD4EEE-DB86-4CDF-B7DE-8167312981E5}.Debug|x86.Build.0 = Debug|Win32
		{ABAD4EEE-DB86-4CDF-B7DE-8167312981E5}.Release|x64.ActiveCfg = Release|x64
		{ABAD4EEE-DB86-4CDF-B7DE-8167312981E5}.Release|x64.Build.0 = Release|x64
		{ABAD4EEE-DB86-4CDF-B7DE-8167312981E5}.Release|x86.ActiveCfg = Release|Win32
		{ABAD4EEE-DB86-4CDF-B7DE-8167312981E5}.Release|x86.Build.0 = Release|Win32
		{578549FA-0B11-427F-BFD3-1A4B616211A2}.Debug|x64.ActiveCfg = Debug|x64
		{578549FA-0B11-427F-BFD3-1A4B616211A2}.Debug|x64.Build.0 = Debug|x64
		{578549FA-0B11-427F-BFD3-1A4B616211A2}.Debug|x86.ActiveCfg = Debug|Win32
		{578549FA-0B11-427F-BFD3-1A4B616211A2}.Debug|x86.Build.0 = Debug|Win32
		{578549FA-0B11-427F-BFD3-1A4B616211A2}.Release|x64.ActiveCfg = Release|x64
		{578549FA-0B11-427F-BFD3-1A4B616211A2}.Release|x64.Build.0 = Release|x64
		{578549FA-0B11-427F-BFD3-1A4B616211A2}.Release|x86.ActiveCfg = Release|Win32
		{578549FA-0B11-427F-BFD3-1A4B616211A2}.Release|x86.Build.0 = Release|Win32
		{DAAA6E5C-4213-4A0A-8B42-5BED205E1B39}.Debug|x64.ActiveCfg = Debug|x64
		{DAAA6E5C-4213-4A0A-8B42-5BED205E1B39}.Debug|x64.Build.0 = Debug|x64
		{DAAA6E5C-4213-4A0A-8B42-5BED205E1B39}.Debug|x86.ActiveCfg = Debug|Win32
		{DAAA6E5C-4213-4A0A-8B42-5BED205E1B39}.Debug|x86.Build.0 = Debug|Win32
		{DAAA6E5C-4213-4A0A-8B42-5BED205E1B39}.Release|x64.ActiveCfg = Release|x64
		{DAAA6E5C-4213-4A0A-8B42-5BED205E1B39}.Release|x64.Build.0 = Release|x64
		{DAAA6E5C-4213-4A0A-8B42-5BED205E1B39}.Release|x86.ActiveCfg = Release|Win32
		{DAAA6E5C-4213-4A0A-8B42-5BED205E1B39}.Release|x86.Build.0 = Release|Win32
		{8126B3E5-4E98-4F68-BF6E-6C8A9AE61540}.Debug|x64.ActiveCfg = Debug|x64
		{8126B3E5-4E98-4F68-BF6E-6C8A9AE61540}.Debug|x64.Build.0 = Debug|x64
		{8126B3E5-4E98-4F68-BF6E-6C8A9AE61540}.Debug|x86.ActiveCfg = Debug|Win32
		{8126B3E5-4E98-4F68-BF6E-6C8A9AE61540}.Debug|x86.Build.0 = Debug|Win32
		{8126B3E5-4E98-4F68-BF6E-6C8A9AE61540}.Release|x64.ActiveCfg = Release|x64
		{8126B3E5-4E98-4F68-BF6E-6C8A9AE61540}.Release|x64.Build.0 = Release|x64
		{8126B3E5-4E98-4F68-BF6E-6C8A9AE61540}.Release|x86.ActiveCfg = Release|Win32
		{8126B3E5-4E98-4F68-BF6E-6C8A9AE61540}.Release|x86.Build.0 = Release|Win32
		{6EA7FD73-449C-45C4-AC21-01032B9E28C0}.Debug|x64.ActiveCfg = Debug|x64
		{6EA7FD73-449C-45C4-AC21-01032B9E28C0}.Debug|x64.Build.0 = Debug|x64
		{6EA7FD73-449C-45C4-AC21-01032B9E28C0}.Debug|x86.ActiveCfg = Debug|Win32
		{6EA7FD73-449C-45C4-AC21-01032B9E28C0}.Debug|x86.Build.0 = Debug|Win32
		{6EA7FD73-449C-45C4-AC21-01032B9E28C0}.Release|x64.ActiveCfg = Release|x64
		{6EA7FD73-449C-45C4-AC21-01032B9E28C0}.Release|x64.Build.0 = Release|x64
		{6EA7FD73-449C-45C4-AC21-01032B9E28C0}.Release|x86.ActiveCfg = Release|Win32
		{6EA7FD73-449C-45C4-AC21-01032B9E28C0}.Release|x86.Build.0 = Release|Win32
		{F41549D2-ADBE-485A-83FD-898EC819D793}.Debug|x64.ActiveCfg = Debug|x64
		{F41549D2-ADBE-485A-83FD-898EC819D793}.Debug|x64.Build.0 = Debug|x64
		{F41549D2-ADBE-485A-83FD-898EC819D793}.Debug|x86.ActiveCfg = Debug|Win32
		{F41549D2-ADBE-485A-83FD-898EC819D793}.Debug|x86.Build.0 = Debug|Win32
		{F41549D2-ADBE-485A-83FD-898EC819D793}.Release|x64.ActiveCfg = Release|x64
		{F41549D2-ADBE-485A-83FD-898EC819D793}.Release|x64.Build.0 = Release|x64
		{F41549D2-ADBE-485A-83FD-898EC819D793}.Release|x86.ActiveCfg = Release|Win32
		{F41549D2-ADBE-485A-83FD-898EC819D793}.Release|x86.Build.0 = Release|Win32
		{43458BA7-A710-41ED-832B-33103B635578}.Debug|x64.ActiveCfg = Debug|x64
		{43458BA7-A710-41ED-832B-33103B635578}.Debug|x64.Build.0 = Debug|x64
		{43458BA7-A710-41ED-832B-33103B635578}.Debug|x86.ActiveCfg = Debug|Win32
		{43458BA7-A710-41ED-832B-33103B635578}.Debug|x86.Build.0 = Debug|Win32
		{43458BA7-A710-41ED-832B-33103B635578}.Release|x64.ActiveCfg = Release|x64
		{43458BA7-A710-41ED-832B-33103B635578}.Release|x64.Build.0 = Release|x64
		{43458BA7-A710-41ED-832B-33103B635578}.Release|x86.ActiveCfg = Release|Win32
		{43458BA7-A710-41ED-832B-33103B635578}.Release|x86.Build.0 = Release|Win32
		{8C4B9ED5-6ED2-406F-AD3D-25842ED0E71F}.Debug|x64.ActiveCfg = Debug|x64
		{8C4B9ED5-6ED2-406F-AD3D-25842ED0E71F}.Debug|x64.Build.0 = Debug|x64
		{8C4B9ED5-6ED2-406F-AD3D-25842ED0E71F}.Debug|x86.ActiveCfg = Debug|Win32
		{8C4B9ED5-6ED2-406F-AD3D-25842ED0E71F}.Debug|x86.Build.0 = Debug|Win32
		{8C4B9ED5-6ED2-406F-AD3D-25842ED0E71F}.Release|x64.ActiveCfg = Release|x64
		{8C4B9ED5-6ED2-406F-AD3D-25842ED0E71F}.Release|x64.Build.0 = Release|x64
		{8C4B9ED5-6ED2-406F-AD3D-25842ED0E71F}.Release|x86.ActiveCfg = Release|Win32
		{8C4B9ED5-6ED2-406F-AD3D-25842ED0E71F}.Release|x86.Build.0 = Release|Win32
		{A759AC2A-09FB-4ADF-85A7-0B884372E017}.Debug|x64.ActiveCfg = Debug|x64
		{A759AC2A-09FB-4ADF-85A7-0B884372E017}.Debug|x64.Build.0 = Debug|x64
		{A759AC2A-09FB-4ADF-85A7-0B884372E017}.Debug|x86.ActiveCfg = Debug|Win32
		{A759AC2A-09FB-4ADF-85A7-0B884372E017}.Debug|x86.Build.0 = Debug|Win32
		{A759AC2A-09FB-4ADF-85A7-0B884372E017}.Release|x64.ActiveCfg = Release|x64
		{A759AC2A-09FB-4ADF-85A7-0B884372E017}.Release|x64.Build.0 = Release|x64
		{A759AC2A-09FB-4ADF-85A7-0B884372E017}.Release|x86.ActiveCfg = Release|Win32
		{A759AC2A-09FB-4ADF-85A7-0B884372E017}.Release|x86.Build.0 = Release|Win32
		{B2DF6494-1BB0-4FEF-B240-F8D6D680F21E}.Debug|x64.ActiveCfg = Debug|x64
		{B2DF6494-1BB0-4FEF-B240-F8D6D680F21E}.Debug|x64.Build.0 = Debug|x64
		{B2DF6494-1BB0-4FEF-B240-F8D6D680F21E}.Debug|x86.ActiveCfg = Debug|Win32
		{B2DF6494-1BB0-4FEF-B240-F8D6D680F21E}.Debug|x86.Build.0 = Debug|Win32
		{B2DF6494-1BB0-4FEF-B240-F8D6D680F21E}.Release|x64.ActiveCfg = Release|x64
		{B2DF6494-1BB0-4FEF-B240-F8D6D680F21E}.Release|x64.Build.0 = Release|x64
		{B2DF6494-1BB0-4FEF-B240-F8D6D680F21E}.Release|x86.ActiveCfg = Release|Win32
		{B2DF6494-1BB0-4FEF-B240-F8D6D680F21E}.Release|x86.Build.0 = Release|Win32
		{CEC97C09-17C1-4286-9210-FA4F3B9B2E62}.Debug|x64.ActiveCfg = Debug|x64
		{CEC97C09-17C1-4286-9210-FA4F3B9B2E62}.Debug|x64.Build.0 = Debug|x64
		{CEC97C09-17C1-4286-9210-FA4F3B9B2E62}.Debug|x86.ActiveCfg = Debug|Win32
		{CEC97C09-17C1-4286-9210-FA4F3B9B2E62}.Debug|x86.Build.0 = Debug|Win32
		{CEC97C09-17C1-4286-9210-FA4F3B9B2E62}.Release|x64.ActiveCfg = Release|x64
		{CEC97C09-17C1-4286-9210-FA4F3B9B2E62}.Release|x64.Build.0 = Release|x64
		{CEC97C09-17C1-4286-9210-FA4F3B9B2E62}.Release|x86.ActiveCfg = Release|Win32
		{CEC97C09-17C1-4286-9210-FA4F3B9B2E62}.Release|x86.Build.0 = Release|Win32
		{88F81B65-322D-4F6C-A4DA-9C1FA4EF817C}.Debug|x64.ActiveCfg = Debug|x64
		{88F81B65-322D-4F6C-A4DA-9C1FA4EF817C}.Debug|x64.Build.0 = Debug|x64
		{88F81B65-322D-4F6C-A4DA-9C1FA4EF817C}.Debug|x86.ActiveCfg = Debug|Win32
		{88F81B65-322D-4F6C-A4DA-9C1FA4EF817C}.Debug|x86.Build.0 = Debug|Win32
		{88F81B65-322D-4F6C-A4DA-9C1FA4EF817C}.Release|x64.ActiveCfg = Release|x64
		{88F81B65-322D-4F6C-A4DA-9C1FA4EF817C}.Release|x64.Build.0 = Release|x64
		{88F81B65-322D-4F6C-A4DA-9C1FA4EF817C}.Release|x86.ActiveCfg = Release|Win32
		{88F81B65-322D-4F6C-A4DA-9C1FA4EF817C}.Release|x86.Build.0 = Release|Win32
		{A1BE57B0-ACF6-4886-806E-49B90B3ABD7C}.Debug|x64.ActiveCfg = Debug|x64
		{A1BE57B0-ACF6-4886-806E-49B90B3ABD7C}.Debug|x64.Build.0 = Debug|x64
		{A1BE57B0-ACF6-4886-806E-49B90B3ABD7C}.Debug|x86.ActiveCfg = Debug|Win32
		{A1BE57B0-ACF6-4886-806E-49B90B3ABD7C}.Debug|x86.Build.0 = Debug|Win32
		{A1BE57B0-ACF6-4886-806E-49B90B3ABD7C}.Release|x64.ActiveCfg = Release|x64
		{A1BE57B0-ACF6-4886-806E-49B90B3ABD7C}.Release|x64.Build.0 = Release|x64
		{A1BE57B0-ACF6-4886-806E-49B90B3ABD7C}.Release|x86.ActiveCfg = Release|Win32
		{A1BE57B0-ACF6-4886-806E-49B90B3ABD7C}.Release|x86.Build.0 = Release|Win32
		{07BE5330-35D7-4A5E-9624-6E3E2D4CA507}.Debug|x64.ActiveCfg = Debug|x64
		{07BE5330-35D7-4A5E-9624-6E3E2D4CA507}.Debug|x64.Build.0 = Debug|x64
		{07BE5330-35D7-4A5E-9624-6E3E2D4CA507}.Debug|x86.ActiveCfg = Debug|Win32
		{07BE5330-35D7-4A5E-9624-6E3E2D4CA507}.Debug|x86.Build.0 = Debug|Win32
		{07BE5330-35D7-4A5E-9624-6E3E2D4CA507}.Release|x64.ActiveCfg = Release|x64
		{07BE5330-35D7-4A5E-9624-6E3E2D4CA507}.Release|x64.Build.0 = Release|x64
		{07BE5330-35D7-4A5E-9624-6E3E2D4CA507}.Release|x86.ActiveCfg = Release|Win32
		{07BE5330-35D7-4A5E-9624-6E3E2D4CA507}.Release|x86.Build.0 = Release|Win32
		{C05A8AC7-E659-4BF0-9412-6C587EDBC22F}.Debug|x64.ActiveCfg = Debug|x64
		{C05A8AC7-E659-4BF0-9412-6C587EDBC22F}.Debug|x64.Build.0 = Debug|x64
		{C05A8AC7-E659-4BF0-9412-6C587EDBC22F}.Debug|x86.ActiveCfg = Debug|Win32
		{C05A8AC7-E659-4BF0-9412-6C587EDBC22F}.Debug|x86.Build.0 = Debug|Win32
		{C05A8AC7-E659-4BF0-9412-6C587EDBC22F}.Release|x64.ActiveCfg = Release|x64
		{C05A8AC7-E659-4BF0-9412-6C587EDBC22F}.Release|x64.Build.0 = Release|x64
		{C05A8AC7-E659-4BF0-9412-6C587EDBC22F}.Release|x86.ActiveCfg = Release|Win32
		{C05A8AC7-E659-4BF0-9412-6C587EDBC22F}.Release|x86.Build.0 = Release|Win32
		{402153B4-5CBB-4D5E-8C3C-490FC96980B9}.Debug|x64.ActiveCfg = Debug|x64
		{402153B4-5CBB-4D5E-8C3C-490FC96980B9}.Debug|x64.Build.0 = Debug|x64
		{402153B4-5CBB-4D5E-8C3C-490FC96980B9}.Debug|x86.ActiveCfg = Debug|Win32
		{402153B4-5CBB-4D5E-8C3C-490FC96980B9}.Debug|x86.Build.0 = Debug|Win32
		{402153B4-5CBB-4D5E-8C3C-490FC96980B9}.Release|x64.ActiveCfg = Release|x64
		{402153B4-5CBB-4D5E-8C3C-490FC96980B9}.Release|x64.Build.0 = Release|x64
		{402153B4-5CBB-4D5E-8C3C-490FC96980B9}.Release|x86.ActiveCfg = Release|Win32
		{402153B4-5CBB-4D5E-8C3C-490FC96980B9}.Release|x86.Build.0 = Release|Win32
		{2D1E2F6E-721A-49CA-B972-35BBE9CE5C13}.Debug|x64.ActiveCfg = Debug|x64
		{2D1E2F6E-721A-49CA-B972-35BBE9CE5C13}.Debug|x64.Build.0 = Debug|x64
		{2D1E2F6E-721A-49CA-B972-35BBE9CE5C13}.Debug|x86.ActiveCfg = Debug|Win32
		{2D1E2F6E-721A-49CA-B972-35BBE9CE5C13}.Debug|x86.Build.0 = Debug|Win32
		{2D1E2F6E-721A-49CA-B972-35BBE9CE5C13}.Release|x64.ActiveCfg = Release|x64
		{2D1E2F6E-721A-49CA-B972-35BBE9CE5C13}.Release|x64.Build.0 = Release|x64
		{2D1E2F6E-721A-49CA-B972-35BBE9CE5C13}.Release|x86.ActiveCfg = Release|Win32
		{2D1E2F6E-721A-49CA-B972-35BBE9CE5C13}.Release|x86.Build.0 = Release|Win32
<<<<<<< HEAD
		{A0B705B5-0B1C-4B48-9DCD-2DC417261591}.Debug|x64.ActiveCfg = Debug|x64
		{A0B705B5-0B1C-4B48-9DCD-2DC417261591}.Debug|x64.Build.0 = Debug|x64
		{A0B705B5-0B1C-4B48-9DCD-2DC417261591}.Debug|x86.ActiveCfg = Debug|Win32
		{A0B705B5-0B1C-4B48-9DCD-2DC417261591}.Debug|x86.Build.0 = Debug|Win32
		{A0B705B5-0B1C-4B48-9DCD-2DC417261591}.Release|x64.ActiveCfg = Release|x64
		{A0B705B5-0B1C-4B48-9DCD-2DC417261591}.Release|x64.Build.0 = Release|x64
		{A0B705B5-0B1C-4B48-9DCD-2DC417261591}.Release|x86.ActiveCfg = Release|Win32
		{A0B705B5-0B1C-4B48-9DCD-2DC417261591}.Release|x86.Build.0 = Release|Win32
=======
		{D45AEAB0-1231-4F59-9F8C-2D8C925A4D91}.Debug|x64.ActiveCfg = Debug|x64
		{D45AEAB0-1231-4F59-9F8C-2D8C925A4D91}.Debug|x64.Build.0 = Debug|x64
		{D45AEAB0-1231-4F59-9F8C-2D8C925A4D91}.Debug|x86.ActiveCfg = Debug|Win32
		{D45AEAB0-1231-4F59-9F8C-2D8C925A4D91}.Debug|x86.Build.0 = Debug|Win32
		{D45AEAB0-1231-4F59-9F8C-2D8C925A4D91}.Release|x64.ActiveCfg = Release|x64
		{D45AEAB0-1231-4F59-9F8C-2D8C925A4D91}.Release|x64.Build.0 = Release|x64
		{D45AEAB0-1231-4F59-9F8C-2D8C925A4D91}.Release|x86.ActiveCfg = Release|Win32
		{D45AEAB0-1231-4F59-9F8C-2D8C925A4D91}.Release|x86.Build.0 = Release|Win32
>>>>>>> cacfba9 (Small update for compute shader)
	EndGlobalSection
	GlobalSection(SolutionProperties) = preSolution
		HideSolutionNode = FALSE
	EndGlobalSection
	GlobalSection(ExtensibilityGlobals) = postSolution
		SolutionGuid = {FF7C5734-885F-48F4-9BCA-BF9082FC557F}
	EndGlobalSection
EndGlobal
